// !$*UTF8*$!
{
	archiveVersion = 1;
	classes = {
	};
	objectVersion = 56;
	objects = {

/* Begin PBXBuildFile section */
		611058112C0736A900A24DF5 /* ViewTests.swift in Sources */ = {isa = PBXBuildFile; fileRef = 611058102C0736A800A24DF5 /* ViewTests.swift */; };
		611058142C07372B00A24DF5 /* CodeEditor in Frameworks */ = {isa = PBXBuildFile; productRef = 611058132C07372B00A24DF5 /* CodeEditor */; };
		61138D732BBE07A20077AE71 /* ColorEffectViews.swift in Sources */ = {isa = PBXBuildFile; fileRef = 61138D722BBE07A20077AE71 /* ColorEffectViews.swift */; };
		611621AA2BC6EB1400E48762 /* ShaderInputViewBuilder.swift in Sources */ = {isa = PBXBuildFile; fileRef = 611621A92BC6EB1400E48762 /* ShaderInputViewBuilder.swift */; };
		611AA9E82BBC2ED300A1531B /* BookiShaderApp.swift in Sources */ = {isa = PBXBuildFile; fileRef = 611AA9E72BBC2ED300A1531B /* BookiShaderApp.swift */; };
		611AA9EC2BBC2ED400A1531B /* Assets.xcassets in Resources */ = {isa = PBXBuildFile; fileRef = 611AA9EB2BBC2ED400A1531B /* Assets.xcassets */; };
		611AA9F02BBC2ED400A1531B /* Preview Assets.xcassets in Resources */ = {isa = PBXBuildFile; fileRef = 611AA9EF2BBC2ED400A1531B /* Preview Assets.xcassets */; };
		611AA9F72BBC2EE900A1531B /* ShaderArtViews.swift in Sources */ = {isa = PBXBuildFile; fileRef = 611AA9F62BBC2EE900A1531B /* ShaderArtViews.swift */; };
		611AAA082BBC54C700A1531B /* AudioVisualizerViews.swift in Sources */ = {isa = PBXBuildFile; fileRef = 611AAA072BBC54C700A1531B /* AudioVisualizerViews.swift */; };
		611AAA0C2BBC5F9000A1531B /* Be Khod Ay.mp3 in Resources */ = {isa = PBXBuildFile; fileRef = 611AAA0B2BBC5F9000A1531B /* Be Khod Ay.mp3 */; };
		612D27E82BC4160F0061D6FD /* ShaderPage.swift in Sources */ = {isa = PBXBuildFile; fileRef = 612D27E72BC4160F0061D6FD /* ShaderPage.swift */; };
		612D27EA2BC41F530061D6FD /* HUD.swift in Sources */ = {isa = PBXBuildFile; fileRef = 612D27E92BC41F530061D6FD /* HUD.swift */; };
		613B65692BFF7FE0005DF758 /* ShaderTextView.swift in Sources */ = {isa = PBXBuildFile; fileRef = 613B65682BFF7FE0005DF758 /* ShaderTextView.swift */; };
		613B656B2BFF8119005DF758 /* SourceCodeView.swift in Sources */ = {isa = PBXBuildFile; fileRef = 613B656A2BFF8119005DF758 /* SourceCodeView.swift */; };
		6149E95A2BC837C7009ECD83 /* BassAudioEngine.swift in Sources */ = {isa = PBXBuildFile; fileRef = 6149E9562BC837C7009ECD83 /* BassAudioEngine.swift */; };
		6149E95B2BC837C7009ECD83 /* SpectralEnhancer.swift in Sources */ = {isa = PBXBuildFile; fileRef = 6149E9572BC837C7009ECD83 /* SpectralEnhancer.swift */; };
		6149E95C2BC837C7009ECD83 /* NoteProcessing.swift in Sources */ = {isa = PBXBuildFile; fileRef = 6149E9582BC837C7009ECD83 /* NoteProcessing.swift */; };
		6149E95D2BC837C7009ECD83 /* PeaksSorter.swift in Sources */ = {isa = PBXBuildFile; fileRef = 6149E9592BC837C7009ECD83 /* PeaksSorter.swift */; };
		6149E9622BC83994009ECD83 /* AudioVisualizers.swift in Sources */ = {isa = PBXBuildFile; fileRef = 6149E9612BC83994009ECD83 /* AudioVisualizers.swift */; };
		614B61702BBF167D003A4935 /* DistortionEffectViews.swift in Sources */ = {isa = PBXBuildFile; fileRef = 614B616F2BBF167D003A4935 /* DistortionEffectViews.swift */; };
		614B61722BBF22EC003A4935 /* LayerEffectViews.swift in Sources */ = {isa = PBXBuildFile; fileRef = 614B61712BBF22EC003A4935 /* LayerEffectViews.swift */; };
		6153C7392BEBDC120062CB26 /* UtilityExtensions.swift in Sources */ = {isa = PBXBuildFile; fileRef = 6153C7382BEBDC120062CB26 /* UtilityExtensions.swift */; };
		617C3E432BD4454800DDC65D /* Transitions.swift in Sources */ = {isa = PBXBuildFile; fileRef = 617C3E422BD4454800DDC65D /* Transitions.swift */; };
		618D0FEF2BF29EFC00E3E8E8 /* AudioVisualizer in Frameworks */ = {isa = PBXBuildFile; productRef = 618D0FEE2BF29EFC00E3E8E8 /* AudioVisualizer */; };
		618D0FF12BF29EFC00E3E8E8 /* ColorEffect in Frameworks */ = {isa = PBXBuildFile; productRef = 618D0FF02BF29EFC00E3E8E8 /* ColorEffect */; };
		618D0FF32BF29EFC00E3E8E8 /* DistortionEffect in Frameworks */ = {isa = PBXBuildFile; productRef = 618D0FF22BF29EFC00E3E8E8 /* DistortionEffect */; };
		618D0FF52BF29EFC00E3E8E8 /* LayerEffect in Frameworks */ = {isa = PBXBuildFile; productRef = 618D0FF42BF29EFC00E3E8E8 /* LayerEffect */; };
		618D0FF72BF29EFC00E3E8E8 /* ShaderArt in Frameworks */ = {isa = PBXBuildFile; productRef = 618D0FF62BF29EFC00E3E8E8 /* ShaderArt */; };
		618D0FF92BF29EFC00E3E8E8 /* Transition in Frameworks */ = {isa = PBXBuildFile; productRef = 618D0FF82BF29EFC00E3E8E8 /* Transition */; };
		618D0FFB2BF29EFC00E3E8E8 /* iShader in Frameworks */ = {isa = PBXBuildFile; productRef = 618D0FFA2BF29EFC00E3E8E8 /* iShader */; };
		618D0FFE2BF29F2200E3E8E8 /* CBass in Frameworks */ = {isa = PBXBuildFile; productRef = 618D0FFD2BF29F2200E3E8E8 /* CBass */; };
		61920EC82BC2E4CE00989BB9 /* ShaderGrid.swift in Sources */ = {isa = PBXBuildFile; fileRef = 61920EC72BC2E4CE00989BB9 /* ShaderGrid.swift */; };
		61A488D22BC2A5AA003BE4F2 /* Gradients.swift in Sources */ = {isa = PBXBuildFile; fileRef = 61A488D12BC2A5AA003BE4F2 /* Gradients.swift */; };
		61B7ABB02BC1DFC400437D33 /* DemoAnimation.swift in Sources */ = {isa = PBXBuildFile; fileRef = 61B7ABAF2BC1DFC400437D33 /* DemoAnimation.swift */; };
		61C8F2EA2BFF2F5D007C7B1F /* ShaderEditor.swift in Sources */ = {isa = PBXBuildFile; fileRef = 61C8F2E92BFF2F5D007C7B1F /* ShaderEditor.swift */; };
		61DD48CF2BD41BEA005632DE /* TransitionViews.swift in Sources */ = {isa = PBXBuildFile; fileRef = 61DD48CE2BD41BEA005632DE /* TransitionViews.swift */; };
		61E697122BD25AF500827B8E /* TransitionPreview.swift in Sources */ = {isa = PBXBuildFile; fileRef = 61E697112BD25AF500827B8E /* TransitionPreview.swift */; };
		61FFC3182BC0210A001FA0EA /* ArtShaders.swift in Sources */ = {isa = PBXBuildFile; fileRef = 61FFC3172BC0210A001FA0EA /* ArtShaders.swift */; };
		61FFC31B2BC0213F001FA0EA /* ShaderHud.swift in Sources */ = {isa = PBXBuildFile; fileRef = 61FFC31A2BC0213F001FA0EA /* ShaderHud.swift */; };
		61FFC3212BC07851001FA0EA /* ViewUtilities.swift in Sources */ = {isa = PBXBuildFile; fileRef = 61FFC3202BC07851001FA0EA /* ViewUtilities.swift */; };
/* End PBXBuildFile section */

/* Begin PBXFileReference section */
		611058102C0736A800A24DF5 /* ViewTests.swift */ = {isa = PBXFileReference; lastKnownFileType = sourcecode.swift; path = ViewTests.swift; sourceTree = "<group>"; };
		61138D722BBE07A20077AE71 /* ColorEffectViews.swift */ = {isa = PBXFileReference; lastKnownFileType = sourcecode.swift; path = ColorEffectViews.swift; sourceTree = "<group>"; };
		611621A92BC6EB1400E48762 /* ShaderInputViewBuilder.swift */ = {isa = PBXFileReference; lastKnownFileType = sourcecode.swift; path = ShaderInputViewBuilder.swift; sourceTree = "<group>"; };
		611AA9E42BBC2ED300A1531B /* BookiShader.app */ = {isa = PBXFileReference; explicitFileType = wrapper.application; includeInIndex = 0; path = BookiShader.app; sourceTree = BUILT_PRODUCTS_DIR; };
		611AA9E72BBC2ED300A1531B /* BookiShaderApp.swift */ = {isa = PBXFileReference; lastKnownFileType = sourcecode.swift; path = BookiShaderApp.swift; sourceTree = "<group>"; };
		611AA9EB2BBC2ED400A1531B /* Assets.xcassets */ = {isa = PBXFileReference; lastKnownFileType = folder.assetcatalog; path = Assets.xcassets; sourceTree = "<group>"; };
		611AA9ED2BBC2ED400A1531B /* BookiShader.entitlements */ = {isa = PBXFileReference; lastKnownFileType = text.plist.entitlements; path = BookiShader.entitlements; sourceTree = "<group>"; };
		611AA9EF2BBC2ED400A1531B /* Preview Assets.xcassets */ = {isa = PBXFileReference; lastKnownFileType = folder.assetcatalog; path = "Preview Assets.xcassets"; sourceTree = "<group>"; };
		611AA9F62BBC2EE900A1531B /* ShaderArtViews.swift */ = {isa = PBXFileReference; fileEncoding = 4; lastKnownFileType = sourcecode.swift; path = ShaderArtViews.swift; sourceTree = "<group>"; };
		611AAA072BBC54C700A1531B /* AudioVisualizerViews.swift */ = {isa = PBXFileReference; lastKnownFileType = sourcecode.swift; path = AudioVisualizerViews.swift; sourceTree = "<group>"; };
		611AAA0B2BBC5F9000A1531B /* Be Khod Ay.mp3 */ = {isa = PBXFileReference; lastKnownFileType = audio.mp3; path = "Be Khod Ay.mp3"; sourceTree = "<group>"; };
		612D27E72BC4160F0061D6FD /* ShaderPage.swift */ = {isa = PBXFileReference; lastKnownFileType = sourcecode.swift; path = ShaderPage.swift; sourceTree = "<group>"; };
		612D27E92BC41F530061D6FD /* HUD.swift */ = {isa = PBXFileReference; lastKnownFileType = sourcecode.swift; path = HUD.swift; sourceTree = "<group>"; };
		613B65682BFF7FE0005DF758 /* ShaderTextView.swift */ = {isa = PBXFileReference; lastKnownFileType = sourcecode.swift; path = ShaderTextView.swift; sourceTree = "<group>"; };
		613B656A2BFF8119005DF758 /* SourceCodeView.swift */ = {isa = PBXFileReference; lastKnownFileType = sourcecode.swift; path = SourceCodeView.swift; sourceTree = "<group>"; };
		6149E9562BC837C7009ECD83 /* BassAudioEngine.swift */ = {isa = PBXFileReference; fileEncoding = 4; lastKnownFileType = sourcecode.swift; path = BassAudioEngine.swift; sourceTree = "<group>"; };
		6149E9572BC837C7009ECD83 /* SpectralEnhancer.swift */ = {isa = PBXFileReference; fileEncoding = 4; lastKnownFileType = sourcecode.swift; path = SpectralEnhancer.swift; sourceTree = "<group>"; };
		6149E9582BC837C7009ECD83 /* NoteProcessing.swift */ = {isa = PBXFileReference; fileEncoding = 4; lastKnownFileType = sourcecode.swift; path = NoteProcessing.swift; sourceTree = "<group>"; };
		6149E9592BC837C7009ECD83 /* PeaksSorter.swift */ = {isa = PBXFileReference; fileEncoding = 4; lastKnownFileType = sourcecode.swift; path = PeaksSorter.swift; sourceTree = "<group>"; };
		6149E9612BC83994009ECD83 /* AudioVisualizers.swift */ = {isa = PBXFileReference; lastKnownFileType = sourcecode.swift; path = AudioVisualizers.swift; sourceTree = "<group>"; };
		614B616F2BBF167D003A4935 /* DistortionEffectViews.swift */ = {isa = PBXFileReference; lastKnownFileType = sourcecode.swift; path = DistortionEffectViews.swift; sourceTree = "<group>"; };
		614B61712BBF22EC003A4935 /* LayerEffectViews.swift */ = {isa = PBXFileReference; lastKnownFileType = sourcecode.swift; path = LayerEffectViews.swift; sourceTree = "<group>"; };
		6153C7382BEBDC120062CB26 /* UtilityExtensions.swift */ = {isa = PBXFileReference; lastKnownFileType = sourcecode.swift; path = UtilityExtensions.swift; sourceTree = "<group>"; };
		617C3E422BD4454800DDC65D /* Transitions.swift */ = {isa = PBXFileReference; lastKnownFileType = sourcecode.swift; path = Transitions.swift; sourceTree = "<group>"; };
		61920EC72BC2E4CE00989BB9 /* ShaderGrid.swift */ = {isa = PBXFileReference; lastKnownFileType = sourcecode.swift; path = ShaderGrid.swift; sourceTree = "<group>"; };
		61A488D12BC2A5AA003BE4F2 /* Gradients.swift */ = {isa = PBXFileReference; lastKnownFileType = sourcecode.swift; path = Gradients.swift; sourceTree = "<group>"; };
		61B7ABAF2BC1DFC400437D33 /* DemoAnimation.swift */ = {isa = PBXFileReference; lastKnownFileType = sourcecode.swift; path = DemoAnimation.swift; sourceTree = "<group>"; };
		61C8F2E92BFF2F5D007C7B1F /* ShaderEditor.swift */ = {isa = PBXFileReference; lastKnownFileType = sourcecode.swift; path = ShaderEditor.swift; sourceTree = "<group>"; };
		61DD48CE2BD41BEA005632DE /* TransitionViews.swift */ = {isa = PBXFileReference; fileEncoding = 4; lastKnownFileType = sourcecode.swift; path = TransitionViews.swift; sourceTree = "<group>"; };
		61E697112BD25AF500827B8E /* TransitionPreview.swift */ = {isa = PBXFileReference; fileEncoding = 4; lastKnownFileType = sourcecode.swift; path = TransitionPreview.swift; sourceTree = "<group>"; };
		61FFC3172BC0210A001FA0EA /* ArtShaders.swift */ = {isa = PBXFileReference; lastKnownFileType = sourcecode.swift; path = ArtShaders.swift; sourceTree = "<group>"; };
		61FFC31A2BC0213F001FA0EA /* ShaderHud.swift */ = {isa = PBXFileReference; lastKnownFileType = sourcecode.swift; path = ShaderHud.swift; sourceTree = "<group>"; };
		61FFC3202BC07851001FA0EA /* ViewUtilities.swift */ = {isa = PBXFileReference; lastKnownFileType = sourcecode.swift; path = ViewUtilities.swift; sourceTree = "<group>"; };
/* End PBXFileReference section */

/* Begin PBXFrameworksBuildPhase section */
		611AA9E12BBC2ED300A1531B /* Frameworks */ = {
			isa = PBXFrameworksBuildPhase;
			buildActionMask = 2147483647;
			files = (
				618D0FFB2BF29EFC00E3E8E8 /* iShader in Frameworks */,
				618D0FFE2BF29F2200E3E8E8 /* CBass in Frameworks */,
				618D0FF72BF29EFC00E3E8E8 /* ShaderArt in Frameworks */,
				611058142C07372B00A24DF5 /* CodeEditor in Frameworks */,
				618D0FF92BF29EFC00E3E8E8 /* Transition in Frameworks */,
				618D0FF32BF29EFC00E3E8E8 /* DistortionEffect in Frameworks */,
				618D0FF52BF29EFC00E3E8E8 /* LayerEffect in Frameworks */,
				618D0FEF2BF29EFC00E3E8E8 /* AudioVisualizer in Frameworks */,
				618D0FF12BF29EFC00E3E8E8 /* ColorEffect in Frameworks */,
			);
			runOnlyForDeploymentPostprocessing = 0;
		};
/* End PBXFrameworksBuildPhase section */

/* Begin PBXGroup section */
		611621A82BC6EAF200E48762 /* ViewBuilders */ = {
			isa = PBXGroup;
			children = (
				611621A92BC6EB1400E48762 /* ShaderInputViewBuilder.swift */,
			);
			path = ViewBuilders;
			sourceTree = "<group>";
		};
		611AA9DB2BBC2ED300A1531B = {
			isa = PBXGroup;
			children = (
				611AA9E62BBC2ED300A1531B /* BookiShader */,
				611AA9E52BBC2ED300A1531B /* Products */,
				611AAA032BBC32A700A1531B /* Frameworks */,
			);
			sourceTree = "<group>";
		};
		611AA9E52BBC2ED300A1531B /* Products */ = {
			isa = PBXGroup;
			children = (
				611AA9E42BBC2ED300A1531B /* BookiShader.app */,
			);
			name = Products;
			sourceTree = "<group>";
		};
		611AA9E62BBC2ED300A1531B /* BookiShader */ = {
			isa = PBXGroup;
			children = (
				611AA9E72BBC2ED300A1531B /* BookiShaderApp.swift */,
				61FFC31C2BC02492001FA0EA /* Views */,
				61FFC3192BC02133001FA0EA /* ViewModels */,
				61FFC31E2BC07645001FA0EA /* Extensions */,
				611AA9EB2BBC2ED400A1531B /* Assets.xcassets */,
				611AAA0B2BBC5F9000A1531B /* Be Khod Ay.mp3 */,
				611AA9ED2BBC2ED400A1531B /* BookiShader.entitlements */,
				61B7ABAE2BC1DFA600437D33 /* Misc */,
				611AA9EE2BBC2ED400A1531B /* Preview Content */,
			);
			path = BookiShader;
			sourceTree = "<group>";
		};
		611AA9EE2BBC2ED400A1531B /* Preview Content */ = {
			isa = PBXGroup;
			children = (
				611AA9EF2BBC2ED400A1531B /* Preview Assets.xcassets */,
			);
			path = "Preview Content";
			sourceTree = "<group>";
		};
		611AAA032BBC32A700A1531B /* Frameworks */ = {
			isa = PBXGroup;
			children = (
			);
			name = Frameworks;
			sourceTree = "<group>";
		};
		612E6F902BDFE04F00617D43 /* ColorEffect */ = {
			isa = PBXGroup;
			children = (
				61138D722BBE07A20077AE71 /* ColorEffectViews.swift */,
			);
			path = ColorEffect;
			sourceTree = "<group>";
		};
		612E6F912BDFE06E00617D43 /* DistortionEffect */ = {
			isa = PBXGroup;
			children = (
				614B616F2BBF167D003A4935 /* DistortionEffectViews.swift */,
			);
			path = DistortionEffect;
			sourceTree = "<group>";
		};
		612E6F922BDFE08800617D43 /* LayerEffect */ = {
			isa = PBXGroup;
			children = (
				614B61712BBF22EC003A4935 /* LayerEffectViews.swift */,
			);
			path = LayerEffect;
			sourceTree = "<group>";
		};
		6149E9532BC837AF009ECD83 /* AudioVisualizer */ = {
			isa = PBXGroup;
			children = (
				6149E9542BC837C7009ECD83 /* AudioProcessing */,
				611AAA072BBC54C700A1531B /* AudioVisualizerViews.swift */,
				6149E9612BC83994009ECD83 /* AudioVisualizers.swift */,
			);
			path = AudioVisualizer;
			sourceTree = "<group>";
		};
		6149E9542BC837C7009ECD83 /* AudioProcessing */ = {
			isa = PBXGroup;
			children = (
				6149E9552BC837C7009ECD83 /* BASSAudioEngine */,
			);
			path = AudioProcessing;
			sourceTree = "<group>";
		};
		6149E9552BC837C7009ECD83 /* BASSAudioEngine */ = {
			isa = PBXGroup;
			children = (
				6149E9562BC837C7009ECD83 /* BassAudioEngine.swift */,
				6149E9572BC837C7009ECD83 /* SpectralEnhancer.swift */,
				6149E9582BC837C7009ECD83 /* NoteProcessing.swift */,
				6149E9592BC837C7009ECD83 /* PeaksSorter.swift */,
			);
			path = BASSAudioEngine;
			sourceTree = "<group>";
		};
		61A488D02BC2A58D003BE4F2 /* Gradients */ = {
			isa = PBXGroup;
			children = (
				61A488D12BC2A5AA003BE4F2 /* Gradients.swift */,
			);
			path = Gradients;
			sourceTree = "<group>";
		};
		61B7ABAE2BC1DFA600437D33 /* Misc */ = {
			isa = PBXGroup;
			children = (
				61B7ABAF2BC1DFC400437D33 /* DemoAnimation.swift */,
				611058102C0736A800A24DF5 /* ViewTests.swift */,
			);
			path = Misc;
			sourceTree = "<group>";
		};
		61E697102BD25A9100827B8E /* Transition */ = {
			isa = PBXGroup;
			children = (
				617C3E422BD4454800DDC65D /* Transitions.swift */,
				61DD48CE2BD41BEA005632DE /* TransitionViews.swift */,
				61E697112BD25AF500827B8E /* TransitionPreview.swift */,
			);
			path = Transition;
			sourceTree = "<group>";
		};
		61FFC3192BC02133001FA0EA /* ViewModels */ = {
			isa = PBXGroup;
			children = (
				61FFC31A2BC0213F001FA0EA /* ShaderHud.swift */,
				61C8F2E92BFF2F5D007C7B1F /* ShaderEditor.swift */,
			);
			path = ViewModels;
			sourceTree = "<group>";
		};
		61FFC31C2BC02492001FA0EA /* Views */ = {
			isa = PBXGroup;
			children = (
				6149E9532BC837AF009ECD83 /* AudioVisualizer */,
				612E6F902BDFE04F00617D43 /* ColorEffect */,
				612E6F912BDFE06E00617D43 /* DistortionEffect */,
				612E6F922BDFE08800617D43 /* LayerEffect */,
				61FFC31D2BC024BB001FA0EA /* ShaderArt */,
				61E697102BD25A9100827B8E /* Transition */,
				611621A82BC6EAF200E48762 /* ViewBuilders */,
				61920EC72BC2E4CE00989BB9 /* ShaderGrid.swift */,
				612D27E72BC4160F0061D6FD /* ShaderPage.swift */,
				612D27E92BC41F530061D6FD /* HUD.swift */,
				613B65682BFF7FE0005DF758 /* ShaderTextView.swift */,
				613B656A2BFF8119005DF758 /* SourceCodeView.swift */,
			);
			path = Views;
			sourceTree = "<group>";
		};
		61FFC31D2BC024BB001FA0EA /* ShaderArt */ = {
			isa = PBXGroup;
			children = (
				61A488D02BC2A58D003BE4F2 /* Gradients */,
				61FFC3172BC0210A001FA0EA /* ArtShaders.swift */,
				611AA9F62BBC2EE900A1531B /* ShaderArtViews.swift */,
			);
			path = ShaderArt;
			sourceTree = "<group>";
		};
		61FFC31E2BC07645001FA0EA /* Extensions */ = {
			isa = PBXGroup;
			children = (
				61FFC31F2BC07773001FA0EA /* ViewExtension */,
				6153C7382BEBDC120062CB26 /* UtilityExtensions.swift */,
			);
			path = Extensions;
			sourceTree = "<group>";
		};
		61FFC31F2BC07773001FA0EA /* ViewExtension */ = {
			isa = PBXGroup;
			children = (
				61FFC3202BC07851001FA0EA /* ViewUtilities.swift */,
			);
			path = ViewExtension;
			sourceTree = "<group>";
		};
/* End PBXGroup section */

/* Begin PBXNativeTarget section */
		611AA9E32BBC2ED300A1531B /* BookiShader */ = {
			isa = PBXNativeTarget;
			buildConfigurationList = 611AA9F32BBC2ED400A1531B /* Build configuration list for PBXNativeTarget "BookiShader" */;
			buildPhases = (
				611AA9E02BBC2ED300A1531B /* Sources */,
				611AA9E12BBC2ED300A1531B /* Frameworks */,
				611AA9E22BBC2ED300A1531B /* Resources */,
			);
			buildRules = (
			);
			dependencies = (
			);
			name = BookiShader;
			packageProductDependencies = (
				618D0FEE2BF29EFC00E3E8E8 /* AudioVisualizer */,
				618D0FF02BF29EFC00E3E8E8 /* ColorEffect */,
				618D0FF22BF29EFC00E3E8E8 /* DistortionEffect */,
				618D0FF42BF29EFC00E3E8E8 /* LayerEffect */,
				618D0FF62BF29EFC00E3E8E8 /* ShaderArt */,
				618D0FF82BF29EFC00E3E8E8 /* Transition */,
				618D0FFA2BF29EFC00E3E8E8 /* iShader */,
				618D0FFD2BF29F2200E3E8E8 /* CBass */,
				611058132C07372B00A24DF5 /* CodeEditor */,
			);
			productName = BookiShader;
			productReference = 611AA9E42BBC2ED300A1531B /* BookiShader.app */;
			productType = "com.apple.product-type.application";
		};
/* End PBXNativeTarget section */

/* Begin PBXProject section */
		611AA9DC2BBC2ED300A1531B /* Project object */ = {
			isa = PBXProject;
			attributes = {
				BuildIndependentTargetsInParallel = 1;
				LastSwiftUpdateCheck = 1520;
				LastUpgradeCheck = 1520;
				TargetAttributes = {
					611AA9E32BBC2ED300A1531B = {
						CreatedOnToolsVersion = 15.2;
					};
				};
			};
			buildConfigurationList = 611AA9DF2BBC2ED300A1531B /* Build configuration list for PBXProject "BookiShader" */;
			compatibilityVersion = "Xcode 14.0";
			developmentRegion = en;
			hasScannedForEncodings = 0;
			knownRegions = (
				en,
				Base,
			);
			mainGroup = 611AA9DB2BBC2ED300A1531B;
			packageReferences = (
				618D0FED2BF29EFC00E3E8E8 /* XCRemoteSwiftPackageReference "iShader" */,
				618D0FFC2BF29F2200E3E8E8 /* XCRemoteSwiftPackageReference "CBass" */,
				611058122C07372B00A24DF5 /* XCRemoteSwiftPackageReference "CodeEditor" */,
			);
			productRefGroup = 611AA9E52BBC2ED300A1531B /* Products */;
			projectDirPath = "";
			projectRoot = "";
			targets = (
				611AA9E32BBC2ED300A1531B /* BookiShader */,
			);
		};
/* End PBXProject section */

/* Begin PBXResourcesBuildPhase section */
		611AA9E22BBC2ED300A1531B /* Resources */ = {
			isa = PBXResourcesBuildPhase;
			buildActionMask = 2147483647;
			files = (
				611AAA0C2BBC5F9000A1531B /* Be Khod Ay.mp3 in Resources */,
				611AA9F02BBC2ED400A1531B /* Preview Assets.xcassets in Resources */,
				611AA9EC2BBC2ED400A1531B /* Assets.xcassets in Resources */,
			);
			runOnlyForDeploymentPostprocessing = 0;
		};
/* End PBXResourcesBuildPhase section */

/* Begin PBXSourcesBuildPhase section */
		611AA9E02BBC2ED300A1531B /* Sources */ = {
			isa = PBXSourcesBuildPhase;
			buildActionMask = 2147483647;
			files = (
				611621AA2BC6EB1400E48762 /* ShaderInputViewBuilder.swift in Sources */,
				612D27E82BC4160F0061D6FD /* ShaderPage.swift in Sources */,
				61920EC82BC2E4CE00989BB9 /* ShaderGrid.swift in Sources */,
				61E697122BD25AF500827B8E /* TransitionPreview.swift in Sources */,
				61A488D22BC2A5AA003BE4F2 /* Gradients.swift in Sources */,
				611AA9E82BBC2ED300A1531B /* BookiShaderApp.swift in Sources */,
				6149E95B2BC837C7009ECD83 /* SpectralEnhancer.swift in Sources */,
				611AA9F72BBC2EE900A1531B /* ShaderArtViews.swift in Sources */,
				6149E95D2BC837C7009ECD83 /* PeaksSorter.swift in Sources */,
				61FFC31B2BC0213F001FA0EA /* ShaderHud.swift in Sources */,
				614B61702BBF167D003A4935 /* DistortionEffectViews.swift in Sources */,
				614B61722BBF22EC003A4935 /* LayerEffectViews.swift in Sources */,
				611AAA082BBC54C700A1531B /* AudioVisualizerViews.swift in Sources */,
				6149E95C2BC837C7009ECD83 /* NoteProcessing.swift in Sources */,
				613B656B2BFF8119005DF758 /* SourceCodeView.swift in Sources */,
				61138D732BBE07A20077AE71 /* ColorEffectViews.swift in Sources */,
				61FFC3182BC0210A001FA0EA /* ArtShaders.swift in Sources */,
				613B65692BFF7FE0005DF758 /* ShaderTextView.swift in Sources */,
				612D27EA2BC41F530061D6FD /* HUD.swift in Sources */,
				6153C7392BEBDC120062CB26 /* UtilityExtensions.swift in Sources */,
				611058112C0736A900A24DF5 /* ViewTests.swift in Sources */,
				617C3E432BD4454800DDC65D /* Transitions.swift in Sources */,
				6149E9622BC83994009ECD83 /* AudioVisualizers.swift in Sources */,
				6149E95A2BC837C7009ECD83 /* BassAudioEngine.swift in Sources */,
				61FFC3212BC07851001FA0EA /* ViewUtilities.swift in Sources */,
				61C8F2EA2BFF2F5D007C7B1F /* ShaderEditor.swift in Sources */,
				61B7ABB02BC1DFC400437D33 /* DemoAnimation.swift in Sources */,
				61DD48CF2BD41BEA005632DE /* TransitionViews.swift in Sources */,
			);
			runOnlyForDeploymentPostprocessing = 0;
		};
/* End PBXSourcesBuildPhase section */

/* Begin XCBuildConfiguration section */
		611AA9F12BBC2ED400A1531B /* Debug */ = {
			isa = XCBuildConfiguration;
			buildSettings = {
				ALWAYS_SEARCH_USER_PATHS = NO;
				ASSETCATALOG_COMPILER_GENERATE_SWIFT_ASSET_SYMBOL_EXTENSIONS = YES;
				CLANG_ANALYZER_NONNULL = YES;
				CLANG_ANALYZER_NUMBER_OBJECT_CONVERSION = YES_AGGRESSIVE;
				CLANG_CXX_LANGUAGE_STANDARD = "gnu++20";
				CLANG_ENABLE_MODULES = YES;
				CLANG_ENABLE_OBJC_ARC = YES;
				CLANG_ENABLE_OBJC_WEAK = YES;
				CLANG_WARN_BLOCK_CAPTURE_AUTORELEASING = YES;
				CLANG_WARN_BOOL_CONVERSION = YES;
				CLANG_WARN_COMMA = YES;
				CLANG_WARN_CONSTANT_CONVERSION = YES;
				CLANG_WARN_DEPRECATED_OBJC_IMPLEMENTATIONS = YES;
				CLANG_WARN_DIRECT_OBJC_ISA_USAGE = YES_ERROR;
				CLANG_WARN_DOCUMENTATION_COMMENTS = YES;
				CLANG_WARN_EMPTY_BODY = YES;
				CLANG_WARN_ENUM_CONVERSION = YES;
				CLANG_WARN_INFINITE_RECURSION = YES;
				CLANG_WARN_INT_CONVERSION = YES;
				CLANG_WARN_NON_LITERAL_NULL_CONVERSION = YES;
				CLANG_WARN_OBJC_IMPLICIT_RETAIN_SELF = YES;
				CLANG_WARN_OBJC_LITERAL_CONVERSION = YES;
				CLANG_WARN_OBJC_ROOT_CLASS = YES_ERROR;
				CLANG_WARN_QUOTED_INCLUDE_IN_FRAMEWORK_HEADER = YES;
				CLANG_WARN_RANGE_LOOP_ANALYSIS = YES;
				CLANG_WARN_STRICT_PROTOTYPES = YES;
				CLANG_WARN_SUSPICIOUS_MOVE = YES;
				CLANG_WARN_UNGUARDED_AVAILABILITY = YES_AGGRESSIVE;
				CLANG_WARN_UNREACHABLE_CODE = YES;
				CLANG_WARN__DUPLICATE_METHOD_MATCH = YES;
				COPY_PHASE_STRIP = NO;
				DEBUG_INFORMATION_FORMAT = dwarf;
				ENABLE_STRICT_OBJC_MSGSEND = YES;
				ENABLE_TESTABILITY = YES;
				ENABLE_USER_SCRIPT_SANDBOXING = YES;
				GCC_C_LANGUAGE_STANDARD = gnu17;
				GCC_DYNAMIC_NO_PIC = NO;
				GCC_NO_COMMON_BLOCKS = YES;
				GCC_OPTIMIZATION_LEVEL = 0;
				GCC_PREPROCESSOR_DEFINITIONS = (
					"DEBUG=1",
					"$(inherited)",
				);
				GCC_WARN_64_TO_32_BIT_CONVERSION = YES;
				GCC_WARN_ABOUT_RETURN_TYPE = YES_ERROR;
				GCC_WARN_UNDECLARED_SELECTOR = YES;
				GCC_WARN_UNINITIALIZED_AUTOS = YES_AGGRESSIVE;
				GCC_WARN_UNUSED_FUNCTION = YES;
				GCC_WARN_UNUSED_VARIABLE = YES;
				LOCALIZATION_PREFERS_STRING_CATALOGS = YES;
				MTL_ENABLE_DEBUG_INFO = INCLUDE_SOURCE;
				MTL_FAST_MATH = YES;
				ONLY_ACTIVE_ARCH = YES;
				SWIFT_ACTIVE_COMPILATION_CONDITIONS = "DEBUG $(inherited)";
				SWIFT_OPTIMIZATION_LEVEL = "-Onone";
			};
			name = Debug;
		};
		611AA9F22BBC2ED400A1531B /* Release */ = {
			isa = XCBuildConfiguration;
			buildSettings = {
				ALWAYS_SEARCH_USER_PATHS = NO;
				ASSETCATALOG_COMPILER_GENERATE_SWIFT_ASSET_SYMBOL_EXTENSIONS = YES;
				CLANG_ANALYZER_NONNULL = YES;
				CLANG_ANALYZER_NUMBER_OBJECT_CONVERSION = YES_AGGRESSIVE;
				CLANG_CXX_LANGUAGE_STANDARD = "gnu++20";
				CLANG_ENABLE_MODULES = YES;
				CLANG_ENABLE_OBJC_ARC = YES;
				CLANG_ENABLE_OBJC_WEAK = YES;
				CLANG_WARN_BLOCK_CAPTURE_AUTORELEASING = YES;
				CLANG_WARN_BOOL_CONVERSION = YES;
				CLANG_WARN_COMMA = YES;
				CLANG_WARN_CONSTANT_CONVERSION = YES;
				CLANG_WARN_DEPRECATED_OBJC_IMPLEMENTATIONS = YES;
				CLANG_WARN_DIRECT_OBJC_ISA_USAGE = YES_ERROR;
				CLANG_WARN_DOCUMENTATION_COMMENTS = YES;
				CLANG_WARN_EMPTY_BODY = YES;
				CLANG_WARN_ENUM_CONVERSION = YES;
				CLANG_WARN_INFINITE_RECURSION = YES;
				CLANG_WARN_INT_CONVERSION = YES;
				CLANG_WARN_NON_LITERAL_NULL_CONVERSION = YES;
				CLANG_WARN_OBJC_IMPLICIT_RETAIN_SELF = YES;
				CLANG_WARN_OBJC_LITERAL_CONVERSION = YES;
				CLANG_WARN_OBJC_ROOT_CLASS = YES_ERROR;
				CLANG_WARN_QUOTED_INCLUDE_IN_FRAMEWORK_HEADER = YES;
				CLANG_WARN_RANGE_LOOP_ANALYSIS = YES;
				CLANG_WARN_STRICT_PROTOTYPES = YES;
				CLANG_WARN_SUSPICIOUS_MOVE = YES;
				CLANG_WARN_UNGUARDED_AVAILABILITY = YES_AGGRESSIVE;
				CLANG_WARN_UNREACHABLE_CODE = YES;
				CLANG_WARN__DUPLICATE_METHOD_MATCH = YES;
				COPY_PHASE_STRIP = NO;
				DEBUG_INFORMATION_FORMAT = "dwarf-with-dsym";
				ENABLE_NS_ASSERTIONS = NO;
				ENABLE_STRICT_OBJC_MSGSEND = YES;
				ENABLE_USER_SCRIPT_SANDBOXING = YES;
				GCC_C_LANGUAGE_STANDARD = gnu17;
				GCC_NO_COMMON_BLOCKS = YES;
				GCC_WARN_64_TO_32_BIT_CONVERSION = YES;
				GCC_WARN_ABOUT_RETURN_TYPE = YES_ERROR;
				GCC_WARN_UNDECLARED_SELECTOR = YES;
				GCC_WARN_UNINITIALIZED_AUTOS = YES_AGGRESSIVE;
				GCC_WARN_UNUSED_FUNCTION = YES;
				GCC_WARN_UNUSED_VARIABLE = YES;
				LOCALIZATION_PREFERS_STRING_CATALOGS = YES;
				MTL_ENABLE_DEBUG_INFO = NO;
				MTL_FAST_MATH = YES;
				SWIFT_COMPILATION_MODE = wholemodule;
			};
			name = Release;
		};
		611AA9F42BBC2ED400A1531B /* Debug */ = {
			isa = XCBuildConfiguration;
			buildSettings = {
				ASSETCATALOG_COMPILER_APPICON_NAME = AppIcon;
				ASSETCATALOG_COMPILER_GLOBAL_ACCENT_COLOR_NAME = AccentColor;
				CODE_SIGN_ENTITLEMENTS = BookiShader/BookiShader.entitlements;
				CODE_SIGN_STYLE = Automatic;
				CURRENT_PROJECT_VERSION = 1;
				DEVELOPMENT_ASSET_PATHS = "\"BookiShader/Preview Content\"";
				DEVELOPMENT_TEAM = 9JF99T9A6L;
				ENABLE_HARDENED_RUNTIME = YES;
				ENABLE_PREVIEWS = YES;
				GENERATE_INFOPLIST_FILE = YES;
				INFOPLIST_KEY_CFBundleDisplayName = "Book iShader";
				"INFOPLIST_KEY_UIApplicationSceneManifest_Generation[sdk=iphoneos*]" = YES;
				"INFOPLIST_KEY_UIApplicationSceneManifest_Generation[sdk=iphonesimulator*]" = YES;
				"INFOPLIST_KEY_UIApplicationSupportsIndirectInputEvents[sdk=iphoneos*]" = YES;
				"INFOPLIST_KEY_UIApplicationSupportsIndirectInputEvents[sdk=iphonesimulator*]" = YES;
				"INFOPLIST_KEY_UILaunchScreen_Generation[sdk=iphoneos*]" = YES;
				"INFOPLIST_KEY_UILaunchScreen_Generation[sdk=iphonesimulator*]" = YES;
				"INFOPLIST_KEY_UIStatusBarStyle[sdk=iphoneos*]" = UIStatusBarStyleDefault;
				"INFOPLIST_KEY_UIStatusBarStyle[sdk=iphonesimulator*]" = UIStatusBarStyleDefault;
				INFOPLIST_KEY_UISupportedInterfaceOrientations_iPad = "UIInterfaceOrientationPortrait UIInterfaceOrientationPortraitUpsideDown UIInterfaceOrientationLandscapeLeft UIInterfaceOrientationLandscapeRight";
				INFOPLIST_KEY_UISupportedInterfaceOrientations_iPhone = "UIInterfaceOrientationPortrait UIInterfaceOrientationLandscapeLeft UIInterfaceOrientationLandscapeRight";
				IPHONEOS_DEPLOYMENT_TARGET = 17.2;
				LD_RUNPATH_SEARCH_PATHS = "@executable_path/Frameworks";
				"LD_RUNPATH_SEARCH_PATHS[sdk=macosx*]" = "@executable_path/../Frameworks";
				MACOSX_DEPLOYMENT_TARGET = 14.2;
				MARKETING_VERSION = 1.0;
				PRODUCT_BUNDLE_IDENTIFIER = developer.Treata.iShader.BookiShader;
				PRODUCT_NAME = "$(TARGET_NAME)";
				SDKROOT = auto;
				SUPPORTED_PLATFORMS = "iphoneos iphonesimulator macosx";
				SWIFT_EMIT_LOC_STRINGS = YES;
				SWIFT_VERSION = 5.0;
				TARGETED_DEVICE_FAMILY = "1,2";
			};
			name = Debug;
		};
		611AA9F52BBC2ED400A1531B /* Release */ = {
			isa = XCBuildConfiguration;
			buildSettings = {
				ASSETCATALOG_COMPILER_APPICON_NAME = AppIcon;
				ASSETCATALOG_COMPILER_GLOBAL_ACCENT_COLOR_NAME = AccentColor;
				CODE_SIGN_ENTITLEMENTS = BookiShader/BookiShader.entitlements;
				CODE_SIGN_STYLE = Automatic;
				CURRENT_PROJECT_VERSION = 1;
				DEVELOPMENT_ASSET_PATHS = "\"BookiShader/Preview Content\"";
				DEVELOPMENT_TEAM = 9JF99T9A6L;
				ENABLE_HARDENED_RUNTIME = YES;
				ENABLE_PREVIEWS = YES;
				GENERATE_INFOPLIST_FILE = YES;
				INFOPLIST_KEY_CFBundleDisplayName = "Book iShader";
				"INFOPLIST_KEY_UIApplicationSceneManifest_Generation[sdk=iphoneos*]" = YES;
				"INFOPLIST_KEY_UIApplicationSceneManifest_Generation[sdk=iphonesimulator*]" = YES;
				"INFOPLIST_KEY_UIApplicationSupportsIndirectInputEvents[sdk=iphoneos*]" = YES;
				"INFOPLIST_KEY_UIApplicationSupportsIndirectInputEvents[sdk=iphonesimulator*]" = YES;
				"INFOPLIST_KEY_UILaunchScreen_Generation[sdk=iphoneos*]" = YES;
				"INFOPLIST_KEY_UILaunchScreen_Generation[sdk=iphonesimulator*]" = YES;
				"INFOPLIST_KEY_UIStatusBarStyle[sdk=iphoneos*]" = UIStatusBarStyleDefault;
				"INFOPLIST_KEY_UIStatusBarStyle[sdk=iphonesimulator*]" = UIStatusBarStyleDefault;
				INFOPLIST_KEY_UISupportedInterfaceOrientations_iPad = "UIInterfaceOrientationPortrait UIInterfaceOrientationPortraitUpsideDown UIInterfaceOrientationLandscapeLeft UIInterfaceOrientationLandscapeRight";
				INFOPLIST_KEY_UISupportedInterfaceOrientations_iPhone = "UIInterfaceOrientationPortrait UIInterfaceOrientationLandscapeLeft UIInterfaceOrientationLandscapeRight";
				IPHONEOS_DEPLOYMENT_TARGET = 17.2;
				LD_RUNPATH_SEARCH_PATHS = "@executable_path/Frameworks";
				"LD_RUNPATH_SEARCH_PATHS[sdk=macosx*]" = "@executable_path/../Frameworks";
				MACOSX_DEPLOYMENT_TARGET = 14.2;
				MARKETING_VERSION = 1.0;
				PRODUCT_BUNDLE_IDENTIFIER = developer.Treata.iShader.BookiShader;
				PRODUCT_NAME = "$(TARGET_NAME)";
				SDKROOT = auto;
				SUPPORTED_PLATFORMS = "iphoneos iphonesimulator macosx";
				SWIFT_EMIT_LOC_STRINGS = YES;
				SWIFT_VERSION = 5.0;
				TARGETED_DEVICE_FAMILY = "1,2";
			};
			name = Release;
		};
/* End XCBuildConfiguration section */

/* Begin XCConfigurationList section */
		611AA9DF2BBC2ED300A1531B /* Build configuration list for PBXProject "BookiShader" */ = {
			isa = XCConfigurationList;
			buildConfigurations = (
				611AA9F12BBC2ED400A1531B /* Debug */,
				611AA9F22BBC2ED400A1531B /* Release */,
			);
			defaultConfigurationIsVisible = 0;
			defaultConfigurationName = Release;
		};
		611AA9F32BBC2ED400A1531B /* Build configuration list for PBXNativeTarget "BookiShader" */ = {
			isa = XCConfigurationList;
			buildConfigurations = (
				611AA9F42BBC2ED400A1531B /* Debug */,
				611AA9F52BBC2ED400A1531B /* Release */,
			);
			defaultConfigurationIsVisible = 0;
			defaultConfigurationName = Release;
		};
/* End XCConfigurationList section */

/* Begin XCRemoteSwiftPackageReference section */
		611058122C07372B00A24DF5 /* XCRemoteSwiftPackageReference "CodeEditor" */ = {
			isa = XCRemoteSwiftPackageReference;
			repositoryURL = "https://github.com/ZeeZide/CodeEditor";
			requirement = {
				kind = upToNextMinorVersion;
				minimumVersion = 1.2.4;
			};
		};
		618D0FED2BF29EFC00E3E8E8 /* XCRemoteSwiftPackageReference "iShader" */ = {
			isa = XCRemoteSwiftPackageReference;
			repositoryURL = "https://github.com/Keith-43/iShader";
			requirement = {
				branch = main;
				kind = branch;
			};
		};
		618D0FFC2BF29F2200E3E8E8 /* XCRemoteSwiftPackageReference "CBass" */ = {
			isa = XCRemoteSwiftPackageReference;
			repositoryURL = "https://github.com/Treata11/CBass";
			requirement = {
				branch = main;
				kind = branch;
			};
		};
/* End XCRemoteSwiftPackageReference section */

/* Begin XCSwiftPackageProductDependency section */
		611058132C07372B00A24DF5 /* CodeEditor */ = {
			isa = XCSwiftPackageProductDependency;
			package = 611058122C07372B00A24DF5 /* XCRemoteSwiftPackageReference "CodeEditor" */;
			productName = CodeEditor;
		};
		618D0FEE2BF29EFC00E3E8E8 /* AudioVisualizer */ = {
			isa = XCSwiftPackageProductDependency;
			package = 618D0FED2BF29EFC00E3E8E8 /* XCRemoteSwiftPackageReference "iShader" */;
			productName = AudioVisualizer;
		};
		618D0FF02BF29EFC00E3E8E8 /* ColorEffect */ = {
			isa = XCSwiftPackageProductDependency;
			package = 618D0FED2BF29EFC00E3E8E8 /* XCRemoteSwiftPackageReference "iShader" */;
			productName = ColorEffect;
		};
		618D0FF22BF29EFC00E3E8E8 /* DistortionEffect */ = {
			isa = XCSwiftPackageProductDependency;
			package = 618D0FED2BF29EFC00E3E8E8 /* XCRemoteSwiftPackageReference "iShader" */;
			productName = DistortionEffect;
		};
		618D0FF42BF29EFC00E3E8E8 /* LayerEffect */ = {
			isa = XCSwiftPackageProductDependency;
			package = 618D0FED2BF29EFC00E3E8E8 /* XCRemoteSwiftPackageReference "iShader" */;
			productName = LayerEffect;
		};
		618D0FF62BF29EFC00E3E8E8 /* ShaderArt */ = {
			isa = XCSwiftPackageProductDependency;
			package = 618D0FED2BF29EFC00E3E8E8 /* XCRemoteSwiftPackageReference "iShader" */;
			productName = ShaderArt;
		};
		618D0FF82BF29EFC00E3E8E8 /* Transition */ = {
			isa = XCSwiftPackageProductDependency;
			package = 618D0FED2BF29EFC00E3E8E8 /* XCRemoteSwiftPackageReference "iShader" */;
			productName = Transition;
		};
		618D0FFA2BF29EFC00E3E8E8 /* iShader */ = {
			isa = XCSwiftPackageProductDependency;
			package = 618D0FED2BF29EFC00E3E8E8 /* XCRemoteSwiftPackageReference "iShader" */;
			productName = iShader;
		};
		618D0FFD2BF29F2200E3E8E8 /* CBass */ = {
			isa = XCSwiftPackageProductDependency;
			package = 618D0FFC2BF29F2200E3E8E8 /* XCRemoteSwiftPackageReference "CBass" */;
			productName = CBass;
		};
/* End XCSwiftPackageProductDependency section */
	};
	rootObject = 611AA9DC2BBC2ED300A1531B /* Project object */;
}
