// !$*UTF8*$!
{
	archiveVersion = 1;
	classes = {
	};
	objectVersion = 60;
	objects = {

/* Begin PBXBuildFile section */
		61138D732BBE07A20077AE71 /* ColorEffectViews.swift in Sources */ = {isa = PBXBuildFile; fileRef = 61138D722BBE07A20077AE71 /* ColorEffectViews.swift */; };
		611AA9E82BBC2ED300A1531B /* BookiShaderApp.swift in Sources */ = {isa = PBXBuildFile; fileRef = 611AA9E72BBC2ED300A1531B /* BookiShaderApp.swift */; };
		611AA9EC2BBC2ED400A1531B /* Assets.xcassets in Resources */ = {isa = PBXBuildFile; fileRef = 611AA9EB2BBC2ED400A1531B /* Assets.xcassets */; };
		611AA9F02BBC2ED400A1531B /* Preview Assets.xcassets in Resources */ = {isa = PBXBuildFile; fileRef = 611AA9EF2BBC2ED400A1531B /* Preview Assets.xcassets */; };
		611AA9F72BBC2EE900A1531B /* ShaderArtViews.swift in Sources */ = {isa = PBXBuildFile; fileRef = 611AA9F62BBC2EE900A1531B /* ShaderArtViews.swift */; };
		611AA9FA2BBC2F1900A1531B /* AudioVisualizer in Frameworks */ = {isa = PBXBuildFile; productRef = 611AA9F92BBC2F1900A1531B /* AudioVisualizer */; };
		611AA9FC2BBC2F1900A1531B /* ColorEffect in Frameworks */ = {isa = PBXBuildFile; productRef = 611AA9FB2BBC2F1900A1531B /* ColorEffect */; };
		611AA9FE2BBC2F1900A1531B /* DistortionEffect in Frameworks */ = {isa = PBXBuildFile; productRef = 611AA9FD2BBC2F1900A1531B /* DistortionEffect */; };
		611AAA002BBC2F1900A1531B /* LayerEffect in Frameworks */ = {isa = PBXBuildFile; productRef = 611AA9FF2BBC2F1900A1531B /* LayerEffect */; };
		611AAA022BBC2F1900A1531B /* ShaderArt in Frameworks */ = {isa = PBXBuildFile; productRef = 611AAA012BBC2F1900A1531B /* ShaderArt */; };
		611AAA052BBC32A700A1531B /* iShader in Frameworks */ = {isa = PBXBuildFile; productRef = 611AAA042BBC32A700A1531B /* iShader */; };
		611AAA082BBC54C700A1531B /* AudioVisualizerViews.swift in Sources */ = {isa = PBXBuildFile; fileRef = 611AAA072BBC54C700A1531B /* AudioVisualizerViews.swift */; };
		611AAA0C2BBC5F9000A1531B /* Be Khod Ay.mp3 in Resources */ = {isa = PBXBuildFile; fileRef = 611AAA0B2BBC5F9000A1531B /* Be Khod Ay.mp3 */; };
		614B61702BBF167D003A4935 /* DistortionEffectViews.swift in Sources */ = {isa = PBXBuildFile; fileRef = 614B616F2BBF167D003A4935 /* DistortionEffectViews.swift */; };
		614B61722BBF22EC003A4935 /* LayerEffectViews.swift in Sources */ = {isa = PBXBuildFile; fileRef = 614B61712BBF22EC003A4935 /* LayerEffectViews.swift */; };
		61FFC3182BC0210A001FA0EA /* ArtShaders.swift in Sources */ = {isa = PBXBuildFile; fileRef = 61FFC3172BC0210A001FA0EA /* ArtShaders.swift */; };
		61FFC31B2BC0213F001FA0EA /* ShaderHud.swift in Sources */ = {isa = PBXBuildFile; fileRef = 61FFC31A2BC0213F001FA0EA /* ShaderHud.swift */; };
/* End PBXBuildFile section */

/* Begin PBXFileReference section */
		61138D722BBE07A20077AE71 /* ColorEffectViews.swift */ = {isa = PBXFileReference; lastKnownFileType = sourcecode.swift; path = ColorEffectViews.swift; sourceTree = "<group>"; };
		611AA9E42BBC2ED300A1531B /* BookiShader.app */ = {isa = PBXFileReference; explicitFileType = wrapper.application; includeInIndex = 0; path = BookiShader.app; sourceTree = BUILT_PRODUCTS_DIR; };
		611AA9E72BBC2ED300A1531B /* BookiShaderApp.swift */ = {isa = PBXFileReference; lastKnownFileType = sourcecode.swift; path = BookiShaderApp.swift; sourceTree = "<group>"; };
		611AA9EB2BBC2ED400A1531B /* Assets.xcassets */ = {isa = PBXFileReference; lastKnownFileType = folder.assetcatalog; path = Assets.xcassets; sourceTree = "<group>"; };
		611AA9ED2BBC2ED400A1531B /* BookiShader.entitlements */ = {isa = PBXFileReference; lastKnownFileType = text.plist.entitlements; path = BookiShader.entitlements; sourceTree = "<group>"; };
		611AA9EF2BBC2ED400A1531B /* Preview Assets.xcassets */ = {isa = PBXFileReference; lastKnownFileType = folder.assetcatalog; path = "Preview Assets.xcassets"; sourceTree = "<group>"; };
		611AA9F62BBC2EE900A1531B /* ShaderArtViews.swift */ = {isa = PBXFileReference; fileEncoding = 4; lastKnownFileType = sourcecode.swift; path = ShaderArtViews.swift; sourceTree = "<group>"; };
		611AAA072BBC54C700A1531B /* AudioVisualizerViews.swift */ = {isa = PBXFileReference; lastKnownFileType = sourcecode.swift; path = AudioVisualizerViews.swift; sourceTree = "<group>"; };
		611AAA0B2BBC5F9000A1531B /* Be Khod Ay.mp3 */ = {isa = PBXFileReference; lastKnownFileType = audio.mp3; path = "Be Khod Ay.mp3"; sourceTree = "<group>"; };
		614B616F2BBF167D003A4935 /* DistortionEffectViews.swift */ = {isa = PBXFileReference; lastKnownFileType = sourcecode.swift; path = DistortionEffectViews.swift; sourceTree = "<group>"; };
		614B61712BBF22EC003A4935 /* LayerEffectViews.swift */ = {isa = PBXFileReference; lastKnownFileType = sourcecode.swift; path = LayerEffectViews.swift; sourceTree = "<group>"; };
		61FFC3172BC0210A001FA0EA /* ArtShaders.swift */ = {isa = PBXFileReference; lastKnownFileType = sourcecode.swift; path = ArtShaders.swift; sourceTree = "<group>"; };
		61FFC31A2BC0213F001FA0EA /* ShaderHud.swift */ = {isa = PBXFileReference; lastKnownFileType = sourcecode.swift; path = ShaderHud.swift; sourceTree = "<group>"; };
/* End PBXFileReference section */

/* Begin PBXFrameworksBuildPhase section */
		611AA9E12BBC2ED300A1531B /* Frameworks */ = {
			isa = PBXFrameworksBuildPhase;
			buildActionMask = 2147483647;
			files = (
				611AAA022BBC2F1900A1531B /* ShaderArt in Frameworks */,
				611AA9FE2BBC2F1900A1531B /* DistortionEffect in Frameworks */,
				611AAA002BBC2F1900A1531B /* LayerEffect in Frameworks */,
				611AAA052BBC32A700A1531B /* iShader in Frameworks */,
				611AA9FA2BBC2F1900A1531B /* AudioVisualizer in Frameworks */,
				611AA9FC2BBC2F1900A1531B /* ColorEffect in Frameworks */,
			);
			runOnlyForDeploymentPostprocessing = 0;
		};
/* End PBXFrameworksBuildPhase section */

/* Begin PBXGroup section */
		611AA9DB2BBC2ED300A1531B = {
			isa = PBXGroup;
			children = (
				611AA9E62BBC2ED300A1531B /* BookiShader */,
				611AA9E52BBC2ED300A1531B /* Products */,
				611AAA032BBC32A700A1531B /* Frameworks */,
			);
			sourceTree = "<group>";
		};
		611AA9E52BBC2ED300A1531B /* Products */ = {
			isa = PBXGroup;
			children = (
				611AA9E42BBC2ED300A1531B /* BookiShader.app */,
			);
			name = Products;
			sourceTree = "<group>";
		};
		611AA9E62BBC2ED300A1531B /* BookiShader */ = {
			isa = PBXGroup;
			children = (
				61FFC3192BC02133001FA0EA /* ViewModels */,
				611AA9E72BBC2ED300A1531B /* BookiShaderApp.swift */,
				611AAA072BBC54C700A1531B /* AudioVisualizerViews.swift */,
				61138D722BBE07A20077AE71 /* ColorEffectViews.swift */,
				614B616F2BBF167D003A4935 /* DistortionEffectViews.swift */,
				611AA9F62BBC2EE900A1531B /* ShaderArtViews.swift */,
				614B61712BBF22EC003A4935 /* LayerEffectViews.swift */,
				611AA9EB2BBC2ED400A1531B /* Assets.xcassets */,
				611AAA0B2BBC5F9000A1531B /* Be Khod Ay.mp3 */,
				611AA9ED2BBC2ED400A1531B /* BookiShader.entitlements */,
				611AA9EE2BBC2ED400A1531B /* Preview Content */,
				61FFC3172BC0210A001FA0EA /* ArtShaders.swift */,
			);
			path = BookiShader;
			sourceTree = "<group>";
		};
		611AA9EE2BBC2ED400A1531B /* Preview Content */ = {
			isa = PBXGroup;
			children = (
				611AA9EF2BBC2ED400A1531B /* Preview Assets.xcassets */,
			);
			path = "Preview Content";
			sourceTree = "<group>";
		};
		611AAA032BBC32A700A1531B /* Frameworks */ = {
			isa = PBXGroup;
			children = (
			);
			name = Frameworks;
			sourceTree = "<group>";
		};
		61FFC3192BC02133001FA0EA /* ViewModels */ = {
			isa = PBXGroup;
			children = (
				61FFC31A2BC0213F001FA0EA /* ShaderHud.swift */,
			);
			path = ViewModels;
			sourceTree = "<group>";
		};
/* End PBXGroup section */

/* Begin PBXNativeTarget section */
		611AA9E32BBC2ED300A1531B /* BookiShader */ = {
			isa = PBXNativeTarget;
			buildConfigurationList = 611AA9F32BBC2ED400A1531B /* Build configuration list for PBXNativeTarget "BookiShader" */;
			buildPhases = (
				611AA9E02BBC2ED300A1531B /* Sources */,
				611AA9E12BBC2ED300A1531B /* Frameworks */,
				611AA9E22BBC2ED300A1531B /* Resources */,
			);
			buildRules = (
			);
			dependencies = (
			);
			name = BookiShader;
			packageProductDependencies = (
				611AA9F92BBC2F1900A1531B /* AudioVisualizer */,
				611AA9FB2BBC2F1900A1531B /* ColorEffect */,
				611AA9FD2BBC2F1900A1531B /* DistortionEffect */,
				611AA9FF2BBC2F1900A1531B /* LayerEffect */,
				611AAA012BBC2F1900A1531B /* ShaderArt */,
				611AAA042BBC32A700A1531B /* iShader */,
			);
			productName = BookiShader;
			productReference = 611AA9E42BBC2ED300A1531B /* BookiShader.app */;
			productType = "com.apple.product-type.application";
		};
/* End PBXNativeTarget section */

/* Begin PBXProject section */
		611AA9DC2BBC2ED300A1531B /* Project object */ = {
			isa = PBXProject;
			attributes = {
				BuildIndependentTargetsInParallel = 1;
				LastSwiftUpdateCheck = 1520;
				LastUpgradeCheck = 1520;
				TargetAttributes = {
					611AA9E32BBC2ED300A1531B = {
						CreatedOnToolsVersion = 15.2;
					};
				};
			};
			buildConfigurationList = 611AA9DF2BBC2ED300A1531B /* Build configuration list for PBXProject "BookiShader" */;
			compatibilityVersion = "Xcode 14.0";
			developmentRegion = en;
			hasScannedForEncodings = 0;
			knownRegions = (
				en,
				Base,
			);
			mainGroup = 611AA9DB2BBC2ED300A1531B;
			packageReferences = (
				611AA9F82BBC2F1900A1531B /* XCLocalSwiftPackageReference "../iShader" */,
			);
			productRefGroup = 611AA9E52BBC2ED300A1531B /* Products */;
			projectDirPath = "";
			projectRoot = "";
			targets = (
				611AA9E32BBC2ED300A1531B /* BookiShader */,
			);
		};
/* End PBXProject section */

/* Begin PBXResourcesBuildPhase section */
		611AA9E22BBC2ED300A1531B /* Resources */ = {
			isa = PBXResourcesBuildPhase;
			buildActionMask = 2147483647;
			files = (
				611AAA0C2BBC5F9000A1531B /* Be Khod Ay.mp3 in Resources */,
				611AA9F02BBC2ED400A1531B /* Preview Assets.xcassets in Resources */,
				611AA9EC2BBC2ED400A1531B /* Assets.xcassets in Resources */,
			);
			runOnlyForDeploymentPostprocessing = 0;
		};
/* End PBXResourcesBuildPhase section */

/* Begin PBXSourcesBuildPhase section */
		611AA9E02BBC2ED300A1531B /* Sources */ = {
			isa = PBXSourcesBuildPhase;
			buildActionMask = 2147483647;
			files = (
				611AA9E82BBC2ED300A1531B /* BookiShaderApp.swift in Sources */,
				611AA9F72BBC2EE900A1531B /* ShaderArtViews.swift in Sources */,
				61FFC31B2BC0213F001FA0EA /* ShaderHud.swift in Sources */,
				614B61702BBF167D003A4935 /* DistortionEffectViews.swift in Sources */,
				614B61722BBF22EC003A4935 /* LayerEffectViews.swift in Sources */,
				611AAA082BBC54C700A1531B /* AudioVisualizerViews.swift in Sources */,
				61138D732BBE07A20077AE71 /* ColorEffectViews.swift in Sources */,
				61FFC3182BC0210A001FA0EA /* ArtShaders.swift in Sources */,
			);
			runOnlyForDeploymentPostprocessing = 0;
		};
/* End PBXSourcesBuildPhase section */

/* Begin XCBuildConfiguration section */
		611AA9F12BBC2ED400A1531B /* Debug */ = {
			isa = XCBuildConfiguration;
			buildSettings = {
				ALWAYS_SEARCH_USER_PATHS = NO;
				ASSETCATALOG_COMPILER_GENERATE_SWIFT_ASSET_SYMBOL_EXTENSIONS = YES;
				CLANG_ANALYZER_NONNULL = YES;
				CLANG_ANALYZER_NUMBER_OBJECT_CONVERSION = YES_AGGRESSIVE;
				CLANG_CXX_LANGUAGE_STANDARD = "gnu++20";
				CLANG_ENABLE_MODULES = YES;
				CLANG_ENABLE_OBJC_ARC = YES;
				CLANG_ENABLE_OBJC_WEAK = YES;
				CLANG_WARN_BLOCK_CAPTURE_AUTORELEASING = YES;
				CLANG_WARN_BOOL_CONVERSION = YES;
				CLANG_WARN_COMMA = YES;
				CLANG_WARN_CONSTANT_CONVERSION = YES;
				CLANG_WARN_DEPRECATED_OBJC_IMPLEMENTATIONS = YES;
				CLANG_WARN_DIRECT_OBJC_ISA_USAGE = YES_ERROR;
				CLANG_WARN_DOCUMENTATION_COMMENTS = YES;
				CLANG_WARN_EMPTY_BODY = YES;
				CLANG_WARN_ENUM_CONVERSION = YES;
				CLANG_WARN_INFINITE_RECURSION = YES;
				CLANG_WARN_INT_CONVERSION = YES;
				CLANG_WARN_NON_LITERAL_NULL_CONVERSION = YES;
				CLANG_WARN_OBJC_IMPLICIT_RETAIN_SELF = YES;
				CLANG_WARN_OBJC_LITERAL_CONVERSION = YES;
				CLANG_WARN_OBJC_ROOT_CLASS = YES_ERROR;
				CLANG_WARN_QUOTED_INCLUDE_IN_FRAMEWORK_HEADER = YES;
				CLANG_WARN_RANGE_LOOP_ANALYSIS = YES;
				CLANG_WARN_STRICT_PROTOTYPES = YES;
				CLANG_WARN_SUSPICIOUS_MOVE = YES;
				CLANG_WARN_UNGUARDED_AVAILABILITY = YES_AGGRESSIVE;
				CLANG_WARN_UNREACHABLE_CODE = YES;
				CLANG_WARN__DUPLICATE_METHOD_MATCH = YES;
				COPY_PHASE_STRIP = NO;
				DEBUG_INFORMATION_FORMAT = dwarf;
				ENABLE_STRICT_OBJC_MSGSEND = YES;
				ENABLE_TESTABILITY = YES;
				ENABLE_USER_SCRIPT_SANDBOXING = YES;
				GCC_C_LANGUAGE_STANDARD = gnu17;
				GCC_DYNAMIC_NO_PIC = NO;
				GCC_NO_COMMON_BLOCKS = YES;
				GCC_OPTIMIZATION_LEVEL = 0;
				GCC_PREPROCESSOR_DEFINITIONS = (
					"DEBUG=1",
					"$(inherited)",
				);
				GCC_WARN_64_TO_32_BIT_CONVERSION = YES;
				GCC_WARN_ABOUT_RETURN_TYPE = YES_ERROR;
				GCC_WARN_UNDECLARED_SELECTOR = YES;
				GCC_WARN_UNINITIALIZED_AUTOS = YES_AGGRESSIVE;
				GCC_WARN_UNUSED_FUNCTION = YES;
				GCC_WARN_UNUSED_VARIABLE = YES;
				LOCALIZATION_PREFERS_STRING_CATALOGS = YES;
				MTL_ENABLE_DEBUG_INFO = INCLUDE_SOURCE;
				MTL_FAST_MATH = YES;
				ONLY_ACTIVE_ARCH = YES;
				SWIFT_ACTIVE_COMPILATION_CONDITIONS = "DEBUG $(inherited)";
				SWIFT_OPTIMIZATION_LEVEL = "-Onone";
			};
			name = Debug;
		};
		611AA9F22BBC2ED400A1531B /* Release */ = {
			isa = XCBuildConfiguration;
			buildSettings = {
				ALWAYS_SEARCH_USER_PATHS = NO;
				ASSETCATALOG_COMPILER_GENERATE_SWIFT_ASSET_SYMBOL_EXTENSIONS = YES;
				CLANG_ANALYZER_NONNULL = YES;
				CLANG_ANALYZER_NUMBER_OBJECT_CONVERSION = YES_AGGRESSIVE;
				CLANG_CXX_LANGUAGE_STANDARD = "gnu++20";
				CLANG_ENABLE_MODULES = YES;
				CLANG_ENABLE_OBJC_ARC = YES;
				CLANG_ENABLE_OBJC_WEAK = YES;
				CLANG_WARN_BLOCK_CAPTURE_AUTORELEASING = YES;
				CLANG_WARN_BOOL_CONVERSION = YES;
				CLANG_WARN_COMMA = YES;
				CLANG_WARN_CONSTANT_CONVERSION = YES;
				CLANG_WARN_DEPRECATED_OBJC_IMPLEMENTATIONS = YES;
				CLANG_WARN_DIRECT_OBJC_ISA_USAGE = YES_ERROR;
				CLANG_WARN_DOCUMENTATION_COMMENTS = YES;
				CLANG_WARN_EMPTY_BODY = YES;
				CLANG_WARN_ENUM_CONVERSION = YES;
				CLANG_WARN_INFINITE_RECURSION = YES;
				CLANG_WARN_INT_CONVERSION = YES;
				CLANG_WARN_NON_LITERAL_NULL_CONVERSION = YES;
				CLANG_WARN_OBJC_IMPLICIT_RETAIN_SELF = YES;
				CLANG_WARN_OBJC_LITERAL_CONVERSION = YES;
				CLANG_WARN_OBJC_ROOT_CLASS = YES_ERROR;
				CLANG_WARN_QUOTED_INCLUDE_IN_FRAMEWORK_HEADER = YES;
				CLANG_WARN_RANGE_LOOP_ANALYSIS = YES;
				CLANG_WARN_STRICT_PROTOTYPES = YES;
				CLANG_WARN_SUSPICIOUS_MOVE = YES;
				CLANG_WARN_UNGUARDED_AVAILABILITY = YES_AGGRESSIVE;
				CLANG_WARN_UNREACHABLE_CODE = YES;
				CLANG_WARN__DUPLICATE_METHOD_MATCH = YES;
				COPY_PHASE_STRIP = NO;
				DEBUG_INFORMATION_FORMAT = "dwarf-with-dsym";
				ENABLE_NS_ASSERTIONS = NO;
				ENABLE_STRICT_OBJC_MSGSEND = YES;
				ENABLE_USER_SCRIPT_SANDBOXING = YES;
				GCC_C_LANGUAGE_STANDARD = gnu17;
				GCC_NO_COMMON_BLOCKS = YES;
				GCC_WARN_64_TO_32_BIT_CONVERSION = YES;
				GCC_WARN_ABOUT_RETURN_TYPE = YES_ERROR;
				GCC_WARN_UNDECLARED_SELECTOR = YES;
				GCC_WARN_UNINITIALIZED_AUTOS = YES_AGGRESSIVE;
				GCC_WARN_UNUSED_FUNCTION = YES;
				GCC_WARN_UNUSED_VARIABLE = YES;
				LOCALIZATION_PREFERS_STRING_CATALOGS = YES;
				MTL_ENABLE_DEBUG_INFO = NO;
				MTL_FAST_MATH = YES;
				SWIFT_COMPILATION_MODE = wholemodule;
			};
			name = Release;
		};
		611AA9F42BBC2ED400A1531B /* Debug */ = {
			isa = XCBuildConfiguration;
			buildSettings = {
				ASSETCATALOG_COMPILER_APPICON_NAME = AppIcon;
				ASSETCATALOG_COMPILER_GLOBAL_ACCENT_COLOR_NAME = AccentColor;
				CODE_SIGN_ENTITLEMENTS = BookiShader/BookiShader.entitlements;
				CODE_SIGN_STYLE = Automatic;
				CURRENT_PROJECT_VERSION = 1;
				DEVELOPMENT_ASSET_PATHS = "\"BookiShader/Preview Content\"";
				DEVELOPMENT_TEAM = 9JF99T9A6L;
				ENABLE_HARDENED_RUNTIME = YES;
				ENABLE_PREVIEWS = YES;
				GENERATE_INFOPLIST_FILE = YES;
				INFOPLIST_KEY_CFBundleDisplayName = "Book iShader";
				"INFOPLIST_KEY_UIApplicationSceneManifest_Generation[sdk=iphoneos*]" = YES;
				"INFOPLIST_KEY_UIApplicationSceneManifest_Generation[sdk=iphonesimulator*]" = YES;
				"INFOPLIST_KEY_UIApplicationSupportsIndirectInputEvents[sdk=iphoneos*]" = YES;
				"INFOPLIST_KEY_UIApplicationSupportsIndirectInputEvents[sdk=iphonesimulator*]" = YES;
				"INFOPLIST_KEY_UILaunchScreen_Generation[sdk=iphoneos*]" = YES;
				"INFOPLIST_KEY_UILaunchScreen_Generation[sdk=iphonesimulator*]" = YES;
				"INFOPLIST_KEY_UIStatusBarStyle[sdk=iphoneos*]" = UIStatusBarStyleDefault;
				"INFOPLIST_KEY_UIStatusBarStyle[sdk=iphonesimulator*]" = UIStatusBarStyleDefault;
				INFOPLIST_KEY_UISupportedInterfaceOrientations_iPad = "UIInterfaceOrientationPortrait UIInterfaceOrientationPortraitUpsideDown UIInterfaceOrientationLandscapeLeft UIInterfaceOrientationLandscapeRight";
				INFOPLIST_KEY_UISupportedInterfaceOrientations_iPhone = "UIInterfaceOrientationPortrait UIInterfaceOrientationLandscapeLeft UIInterfaceOrientationLandscapeRight";
				IPHONEOS_DEPLOYMENT_TARGET = 17.2;
				LD_RUNPATH_SEARCH_PATHS = "@executable_path/Frameworks";
				"LD_RUNPATH_SEARCH_PATHS[sdk=macosx*]" = "@executable_path/../Frameworks";
				MACOSX_DEPLOYMENT_TARGET = 14.2;
				MARKETING_VERSION = 1.0;
				PRODUCT_BUNDLE_IDENTIFIER = developer.Treata.iShader.BookiShader;
				PRODUCT_NAME = "$(TARGET_NAME)";
				SDKROOT = auto;
				SUPPORTED_PLATFORMS = "iphoneos iphonesimulator macosx";
				SWIFT_EMIT_LOC_STRINGS = YES;
				SWIFT_VERSION = 5.0;
				TARGETED_DEVICE_FAMILY = "1,2";
			};
			name = Debug;
		};
		611AA9F52BBC2ED400A1531B /* Release */ = {
			isa = XCBuildConfiguration;
			buildSettings = {
				ASSETCATALOG_COMPILER_APPICON_NAME = AppIcon;
				ASSETCATALOG_COMPILER_GLOBAL_ACCENT_COLOR_NAME = AccentColor;
				CODE_SIGN_ENTITLEMENTS = BookiShader/BookiShader.entitlements;
				CODE_SIGN_STYLE = Automatic;
				CURRENT_PROJECT_VERSION = 1;
				DEVELOPMENT_ASSET_PATHS = "\"BookiShader/Preview Content\"";
				DEVELOPMENT_TEAM = 9JF99T9A6L;
				ENABLE_HARDENED_RUNTIME = YES;
				ENABLE_PREVIEWS = YES;
				GENERATE_INFOPLIST_FILE = YES;
				INFOPLIST_KEY_CFBundleDisplayName = "Book iShader";
				"INFOPLIST_KEY_UIApplicationSceneManifest_Generation[sdk=iphoneos*]" = YES;
				"INFOPLIST_KEY_UIApplicationSceneManifest_Generation[sdk=iphonesimulator*]" = YES;
				"INFOPLIST_KEY_UIApplicationSupportsIndirectInputEvents[sdk=iphoneos*]" = YES;
				"INFOPLIST_KEY_UIApplicationSupportsIndirectInputEvents[sdk=iphonesimulator*]" = YES;
				"INFOPLIST_KEY_UILaunchScreen_Generation[sdk=iphoneos*]" = YES;
				"INFOPLIST_KEY_UILaunchScreen_Generation[sdk=iphonesimulator*]" = YES;
				"INFOPLIST_KEY_UIStatusBarStyle[sdk=iphoneos*]" = UIStatusBarStyleDefault;
				"INFOPLIST_KEY_UIStatusBarStyle[sdk=iphonesimulator*]" = UIStatusBarStyleDefault;
				INFOPLIST_KEY_UISupportedInterfaceOrientations_iPad = "UIInterfaceOrientationPortrait UIInterfaceOrientationPortraitUpsideDown UIInterfaceOrientationLandscapeLeft UIInterfaceOrientationLandscapeRight";
				INFOPLIST_KEY_UISupportedInterfaceOrientations_iPhone = "UIInterfaceOrientationPortrait UIInterfaceOrientationLandscapeLeft UIInterfaceOrientationLandscapeRight";
				IPHONEOS_DEPLOYMENT_TARGET = 17.2;
				LD_RUNPATH_SEARCH_PATHS = "@executable_path/Frameworks";
				"LD_RUNPATH_SEARCH_PATHS[sdk=macosx*]" = "@executable_path/../Frameworks";
				MACOSX_DEPLOYMENT_TARGET = 14.2;
				MARKETING_VERSION = 1.0;
				PRODUCT_BUNDLE_IDENTIFIER = developer.Treata.iShader.BookiShader;
				PRODUCT_NAME = "$(TARGET_NAME)";
				SDKROOT = auto;
				SUPPORTED_PLATFORMS = "iphoneos iphonesimulator macosx";
				SWIFT_EMIT_LOC_STRINGS = YES;
				SWIFT_VERSION = 5.0;
				TARGETED_DEVICE_FAMILY = "1,2";
			};
			name = Release;
		};
/* End XCBuildConfiguration section */

/* Begin XCConfigurationList section */
		611AA9DF2BBC2ED300A1531B /* Build configuration list for PBXProject "BookiShader" */ = {
			isa = XCConfigurationList;
			buildConfigurations = (
				611AA9F12BBC2ED400A1531B /* Debug */,
				611AA9F22BBC2ED400A1531B /* Release */,
			);
			defaultConfigurationIsVisible = 0;
			defaultConfigurationName = Release;
		};
		611AA9F32BBC2ED400A1531B /* Build configuration list for PBXNativeTarget "BookiShader" */ = {
			isa = XCConfigurationList;
			buildConfigurations = (
				611AA9F42BBC2ED400A1531B /* Debug */,
				611AA9F52BBC2ED400A1531B /* Release */,
			);
			defaultConfigurationIsVisible = 0;
			defaultConfigurationName = Release;
		};
/* End XCConfigurationList section */

/* Begin XCLocalSwiftPackageReference section */
		611AA9F82BBC2F1900A1531B /* XCLocalSwiftPackageReference "../iShader" */ = {
			isa = XCLocalSwiftPackageReference;
			relativePath = ../iShader;
		};
/* End XCLocalSwiftPackageReference section */

/* Begin XCSwiftPackageProductDependency section */
		611AA9F92BBC2F1900A1531B /* AudioVisualizer */ = {
			isa = XCSwiftPackageProductDependency;
			productName = AudioVisualizer;
		};
		611AA9FB2BBC2F1900A1531B /* ColorEffect */ = {
			isa = XCSwiftPackageProductDependency;
			productName = ColorEffect;
		};
		611AA9FD2BBC2F1900A1531B /* DistortionEffect */ = {
			isa = XCSwiftPackageProductDependency;
			productName = DistortionEffect;
		};
		611AA9FF2BBC2F1900A1531B /* LayerEffect */ = {
			isa = XCSwiftPackageProductDependency;
			productName = LayerEffect;
		};
		611AAA012BBC2F1900A1531B /* ShaderArt */ = {
			isa = XCSwiftPackageProductDependency;
			productName = ShaderArt;
		};
		611AAA042BBC32A700A1531B /* iShader */ = {
			isa = XCSwiftPackageProductDependency;
			package = 611AA9F82BBC2F1900A1531B /* XCLocalSwiftPackageReference "../iShader" */;
			productName = iShader;
		};
/* End XCSwiftPackageProductDependency section */
	};
	rootObject = 611AA9DC2BBC2ED300A1531B /* Project object */;
}
