// !$*UTF8*$!
{
	archiveVersion = 1;
	classes = {
	};
	objectVersion = 56;
	objects = {

/* Begin PBXBuildFile section */
		611058112C0736A900A24DF5 /* ViewTests.swift in Sources */ = {isa = PBXBuildFile; fileRef = 611058102C0736A800A24DF5 /* ViewTests.swift */; };
		611058142C07372B00A24DF5 /* CodeEditor in Frameworks */ = {isa = PBXBuildFile; productRef = 611058132C07372B00A24DF5 /* CodeEditor */; };
		611058172C074F9F00A24DF5 /* AudioVisualizer in Frameworks */ = {isa = PBXBuildFile; productRef = 611058162C074F9F00A24DF5 /* AudioVisualizer */; };
		611058192C074F9F00A24DF5 /* ColorEffect in Frameworks */ = {isa = PBXBuildFile; productRef = 611058182C074F9F00A24DF5 /* ColorEffect */; };
		6110581B2C074F9F00A24DF5 /* DistortionEffect in Frameworks */ = {isa = PBXBuildFile; productRef = 6110581A2C074F9F00A24DF5 /* DistortionEffect */; };
		6110581D2C074F9F00A24DF5 /* LayerEffect in Frameworks */ = {isa = PBXBuildFile; productRef = 6110581C2C074F9F00A24DF5 /* LayerEffect */; };
		6110581F2C074F9F00A24DF5 /* ShaderArt in Frameworks */ = {isa = PBXBuildFile; productRef = 6110581E2C074F9F00A24DF5 /* ShaderArt */; };
		611058212C074F9F00A24DF5 /* Transition in Frameworks */ = {isa = PBXBuildFile; productRef = 611058202C074F9F00A24DF5 /* Transition */; };
		611058232C074F9F00A24DF5 /* iShader in Frameworks */ = {isa = PBXBuildFile; productRef = 611058222C074F9F00A24DF5 /* iShader */; };
		611058252C0750B000A24DF5 /* Empty in Resources */ = {isa = PBXBuildFile; fileRef = 611058242C0750B000A24DF5 /* Empty */; };
		61138D732BBE07A20077AE71 /* ColorEffectViews.swift in Sources */ = {isa = PBXBuildFile; fileRef = 61138D722BBE07A20077AE71 /* ColorEffectViews.swift */; };
		611621AA2BC6EB1400E48762 /* ShaderInputViewBuilder.swift in Sources */ = {isa = PBXBuildFile; fileRef = 611621A92BC6EB1400E48762 /* ShaderInputViewBuilder.swift */; };
		611AA9E82BBC2ED300A1531B /* BookiShaderApp.swift in Sources */ = {isa = PBXBuildFile; fileRef = 611AA9E72BBC2ED300A1531B /* BookiShaderApp.swift */; };
		611AA9EC2BBC2ED400A1531B /* Assets.xcassets in Resources */ = {isa = PBXBuildFile; fileRef = 611AA9EB2BBC2ED400A1531B /* Assets.xcassets */; };
		611AA9F02BBC2ED400A1531B /* Preview Assets.xcassets in Resources */ = {isa = PBXBuildFile; fileRef = 611AA9EF2BBC2ED400A1531B /* Preview Assets.xcassets */; };
		611AA9F72BBC2EE900A1531B /* ShaderArtViews.swift in Sources */ = {isa = PBXBuildFile; fileRef = 611AA9F62BBC2EE900A1531B /* ShaderArtViews.swift */; };
		611AAA082BBC54C700A1531B /* AudioVisualizerViews.swift in Sources */ = {isa = PBXBuildFile; fileRef = 611AAA072BBC54C700A1531B /* AudioVisualizerViews.swift */; };
		611AAA0C2BBC5F9000A1531B /* Be Khod Ay.mp3 in Resources */ = {isa = PBXBuildFile; fileRef = 611AAA0B2BBC5F9000A1531B /* Be Khod Ay.mp3 */; };
		612D27E82BC4160F0061D6FD /* ShaderPage.swift in Sources */ = {isa = PBXBuildFile; fileRef = 612D27E72BC4160F0061D6FD /* ShaderPage.swift */; };
		612D27EA2BC41F530061D6FD /* HUD.swift in Sources */ = {isa = PBXBuildFile; fileRef = 612D27E92BC41F530061D6FD /* HUD.swift */; };
		613B656B2BFF8119005DF758 /* SourceCodeView.swift in Sources */ = {isa = PBXBuildFile; fileRef = 613B656A2BFF8119005DF758 /* SourceCodeView.swift */; };
		6149E95A2BC837C7009ECD83 /* BassAudioEngine.swift in Sources */ = {isa = PBXBuildFile; fileRef = 6149E9562BC837C7009ECD83 /* BassAudioEngine.swift */; };
		6149E95B2BC837C7009ECD83 /* SpectralEnhancer.swift in Sources */ = {isa = PBXBuildFile; fileRef = 6149E9572BC837C7009ECD83 /* SpectralEnhancer.swift */; };
		6149E95C2BC837C7009ECD83 /* NoteProcessing.swift in Sources */ = {isa = PBXBuildFile; fileRef = 6149E9582BC837C7009ECD83 /* NoteProcessing.swift */; };
		6149E95D2BC837C7009ECD83 /* PeaksSorter.swift in Sources */ = {isa = PBXBuildFile; fileRef = 6149E9592BC837C7009ECD83 /* PeaksSorter.swift */; };
		6149E9622BC83994009ECD83 /* AudioVisualizers.swift in Sources */ = {isa = PBXBuildFile; fileRef = 6149E9612BC83994009ECD83 /* AudioVisualizers.swift */; };
		614B61702BBF167D003A4935 /* DistortionEffectViews.swift in Sources */ = {isa = PBXBuildFile; fileRef = 614B616F2BBF167D003A4935 /* DistortionEffectViews.swift */; };
		614B61722BBF22EC003A4935 /* LayerEffectViews.swift in Sources */ = {isa = PBXBuildFile; fileRef = 614B61712BBF22EC003A4935 /* LayerEffectViews.swift */; };
		6153C7392BEBDC120062CB26 /* UtilityExtensions.swift in Sources */ = {isa = PBXBuildFile; fileRef = 6153C7382BEBDC120062CB26 /* UtilityExtensions.swift */; };
		616B551C2C0F1A8500350030 /* ElectricField in Resources */ = {isa = PBXBuildFile; fileRef = 616B54C32C0F1A8400350030 /* ElectricField */; };
		616B551D2C0F1A8500350030 /* Clouds in Resources */ = {isa = PBXBuildFile; fileRef = 616B54C42C0F1A8400350030 /* Clouds */; };
		616B551E2C0F1A8500350030 /* SineWaves in Resources */ = {isa = PBXBuildFile; fileRef = 616B54C52C0F1A8400350030 /* SineWaves */; };
		616B551F2C0F1A8500350030 /* GlowingMarblingBlack in Resources */ = {isa = PBXBuildFile; fileRef = 616B54C62C0F1A8400350030 /* GlowingMarblingBlack */; };
		616B55202C0F1A8500350030 /* Portal in Resources */ = {isa = PBXBuildFile; fileRef = 616B54C72C0F1A8400350030 /* Portal */; };
		616B55212C0F1A8500350030 /* TMGyroids in Resources */ = {isa = PBXBuildFile; fileRef = 616B54C82C0F1A8400350030 /* TMGyroids */; };
		616B55222C0F1A8500350030 /* Turbulence in Resources */ = {isa = PBXBuildFile; fileRef = 616B54C92C0F1A8400350030 /* Turbulence */; };
		616B55232C0F1A8500350030 /* Iris in Resources */ = {isa = PBXBuildFile; fileRef = 616B54CA2C0F1A8400350030 /* Iris */; };
		616B55242C0F1A8500350030 /* StarField in Resources */ = {isa = PBXBuildFile; fileRef = 616B54CB2C0F1A8400350030 /* StarField */; };
		616B55252C0F1A8500350030 /* ModFan in Resources */ = {isa = PBXBuildFile; fileRef = 616B54CC2C0F1A8400350030 /* ModFan */; };
		616B55262C0F1A8500350030 /* Fireworks in Resources */ = {isa = PBXBuildFile; fileRef = 616B54CD2C0F1A8400350030 /* Fireworks */; };
		616B55272C0F1A8500350030 /* CrystalCaustic in Resources */ = {isa = PBXBuildFile; fileRef = 616B54CE2C0F1A8400350030 /* CrystalCaustic */; };
		616B55282C0F1A8500350030 /* WetNeuralNetwork in Resources */ = {isa = PBXBuildFile; fileRef = 616B54CF2C0F1A8400350030 /* WetNeuralNetwork */; };
		616B55292C0F1A8500350030 /* StarNest in Resources */ = {isa = PBXBuildFile; fileRef = 616B54D02C0F1A8400350030 /* StarNest */; };
		616B552A2C0F1A8500350030 /* HypnoticRipples in Resources */ = {isa = PBXBuildFile; fileRef = 616B54D12C0F1A8400350030 /* HypnoticRipples */; };
		616B552B2C0F1A8500350030 /* Writhe in Resources */ = {isa = PBXBuildFile; fileRef = 616B54D22C0F1A8400350030 /* Writhe */; };
		616B552C2C0F1A8500350030 /* BeamDroplet in Resources */ = {isa = PBXBuildFile; fileRef = 616B54D32C0F1A8400350030 /* BeamDroplet */; };
		616B552D2C0F1A8500350030 /* SpiralRiders in Resources */ = {isa = PBXBuildFile; fileRef = 616B54D42C0F1A8400350030 /* SpiralRiders */; };
		616B552E2C0F1A8500350030 /* ExplosionCloud in Resources */ = {isa = PBXBuildFile; fileRef = 616B54D52C0F1A8400350030 /* ExplosionCloud */; };
		616B552F2C0F1A8500350030 /* NeonRug in Resources */ = {isa = PBXBuildFile; fileRef = 616B54D62C0F1A8400350030 /* NeonRug */; };
		616B55302C0F1A8500350030 /* RetroSun in Resources */ = {isa = PBXBuildFile; fileRef = 616B54D72C0F1A8400350030 /* RetroSun */; };
		616B55312C0F1A8500350030 /* Singularity in Resources */ = {isa = PBXBuildFile; fileRef = 616B54D82C0F1A8400350030 /* Singularity */; };
		616B55322C0F1A8500350030 /* BlueVoid in Resources */ = {isa = PBXBuildFile; fileRef = 616B54D92C0F1A8400350030 /* BlueVoid */; };
		616B55332C0F1A8500350030 /* CosmicBlood in Resources */ = {isa = PBXBuildFile; fileRef = 616B54DA2C0F1A8400350030 /* CosmicBlood */; };
		616B55342C0F1A8500350030 /* Lightning01 in Resources */ = {isa = PBXBuildFile; fileRef = 616B54DB2C0F1A8400350030 /* Lightning01 */; };
		616B55352C0F1A8500350030 /* LavaBlobs in Resources */ = {isa = PBXBuildFile; fileRef = 616B54DC2C0F1A8400350030 /* LavaBlobs */; };
		616B55362C0F1A8500350030 /* FBMLightning in Resources */ = {isa = PBXBuildFile; fileRef = 616B54DD2C0F1A8400350030 /* FBMLightning */; };
		616B55372C0F1A8500350030 /* PulsatingFlesh in Resources */ = {isa = PBXBuildFile; fileRef = 616B54DE2C0F1A8400350030 /* PulsatingFlesh */; };
		616B55382C0F1A8500350030 /* BaseWarpFBM in Resources */ = {isa = PBXBuildFile; fileRef = 616B54DF2C0F1A8400350030 /* BaseWarpFBM */; };
		616B55392C0F1A8500350030 /* BlackHoleDawn in Resources */ = {isa = PBXBuildFile; fileRef = 616B54E02C0F1A8400350030 /* BlackHoleDawn */; };
		616B553A2C0F1A8500350030 /* LensFlare in Resources */ = {isa = PBXBuildFile; fileRef = 616B54E12C0F1A8400350030 /* LensFlare */; };
		616B553B2C0F1A8500350030 /* FluidGradient in Resources */ = {isa = PBXBuildFile; fileRef = 616B54E32C0F1A8400350030 /* FluidGradient */; };
		616B553C2C0F1A8500350030 /* RainbowSherbet in Resources */ = {isa = PBXBuildFile; fileRef = 616B54E42C0F1A8400350030 /* RainbowSherbet */; };
		616B553D2C0F1A8500350030 /* CrumpledWave in Resources */ = {isa = PBXBuildFile; fileRef = 616B54E52C0F1A8400350030 /* CrumpledWave */; };
		616B553E2C0F1A8500350030 /* ColorWind in Resources */ = {isa = PBXBuildFile; fileRef = 616B54E62C0F1A8400350030 /* ColorWind */; };
		616B553F2C0F1A8500350030 /* GradientFlow in Resources */ = {isa = PBXBuildFile; fileRef = 616B54E72C0F1A8400350030 /* GradientFlow */; };
		616B55402C0F1A8500350030 /* Gradientify in Resources */ = {isa = PBXBuildFile; fileRef = 616B54E82C0F1A8400350030 /* Gradientify */; };
		616B55412C0F1A8500350030 /* GlossyGradients in Resources */ = {isa = PBXBuildFile; fileRef = 616B54E92C0F1A8400350030 /* GlossyGradients */; };
		616B55422C0F1A8500350030 /* RotatingGradient in Resources */ = {isa = PBXBuildFile; fileRef = 616B54EA2C0F1A8400350030 /* RotatingGradient */; };
		616B55432C0F1A8500350030 /* ChromaGradients in Resources */ = {isa = PBXBuildFile; fileRef = 616B54EB2C0F1A8400350030 /* ChromaGradients */; };
		616B55442C0F1A8500350030 /* VHS in Resources */ = {isa = PBXBuildFile; fileRef = 616B54ED2C0F1A8400350030 /* VHS */; };
		616B55452C0F1A8500350030 /* Emboss in Resources */ = {isa = PBXBuildFile; fileRef = 616B54EE2C0F1A8400350030 /* Emboss */; };
		616B55462C0F1A8500350030 /* Bubble in Resources */ = {isa = PBXBuildFile; fileRef = 616B54EF2C0F1A8400350030 /* Bubble */; };
		616B55472C0F1A8500350030 /* SineWave in Resources */ = {isa = PBXBuildFile; fileRef = 616B54F02C0F1A8400350030 /* SineWave */; };
		616B55482C0F1A8500350030 /* ColorPlanes in Resources */ = {isa = PBXBuildFile; fileRef = 616B54F12C0F1A8400350030 /* ColorPlanes */; };
		616B55492C0F1A8500350030 /* WarpingLoupe in Resources */ = {isa = PBXBuildFile; fileRef = 616B54F22C0F1A8400350030 /* WarpingLoupe */; };
		616B554A2C0F1A8500350030 /* SoftThreshold in Resources */ = {isa = PBXBuildFile; fileRef = 616B54F32C0F1A8400350030 /* SoftThreshold */; };
		616B554B2C0F1A8500350030 /* Sobel in Resources */ = {isa = PBXBuildFile; fileRef = 616B54F42C0F1A8400350030 /* Sobel */; };
		616B554C2C0F1A8500350030 /* Gamma in Resources */ = {isa = PBXBuildFile; fileRef = 616B54F62C0F1A8400350030 /* Gamma */; };
		616B554D2C0F1A8500350030 /* NightVision in Resources */ = {isa = PBXBuildFile; fileRef = 616B54F72C0F1A8400350030 /* NightVision */; };
		616B554E2C0F1A8500350030 /* Exposure in Resources */ = {isa = PBXBuildFile; fileRef = 616B54F82C0F1A8400350030 /* Exposure */; };
		616B554F2C0F1A8500350030 /* LightbulbScreen  in Resources */ = {isa = PBXBuildFile; fileRef = 616B54F92C0F1A8400350030 /* LightbulbScreen  */; };
		616B55502C0F1A8500350030 /* Infrared in Resources */ = {isa = PBXBuildFile; fileRef = 616B54FA2C0F1A8400350030 /* Infrared */; };
		616B55512C0F1A8500350030 /* TileableWaterCaustic in Resources */ = {isa = PBXBuildFile; fileRef = 616B54FB2C0F1A8400350030 /* TileableWaterCaustic */; };
		616B55522C0F1A8500350030 /* Luminence in Resources */ = {isa = PBXBuildFile; fileRef = 616B54FC2C0F1A8400350030 /* Luminence */; };
		616B55532C0F1A8500350030 /* FilmGrain in Resources */ = {isa = PBXBuildFile; fileRef = 616B54FD2C0F1A8400350030 /* FilmGrain */; };
		616B55542C0F1A8500350030 /* Vibrance in Resources */ = {isa = PBXBuildFile; fileRef = 616B54FE2C0F1A8400350030 /* Vibrance */; };
		616B55552C0F1A8500350030 /* CRT in Resources */ = {isa = PBXBuildFile; fileRef = 616B54FF2C0F1A8400350030 /* CRT */; };
		616B55562C0F1A8500350030 /* Vignette in Resources */ = {isa = PBXBuildFile; fileRef = 616B55002C0F1A8400350030 /* Vignette */; };
		616B55572C0F1A8500350030 /* WorleyDisplacement in Resources */ = {isa = PBXBuildFile; fileRef = 616B55022C0F1A8400350030 /* WorleyDisplacement */; };
		616B55582C0F1A8500350030 /* SineDistortion in Resources */ = {isa = PBXBuildFile; fileRef = 616B55032C0F1A8400350030 /* SineDistortion */; };
		616B55592C0F1A8500350030 /* Water in Resources */ = {isa = PBXBuildFile; fileRef = 616B55042C0F1A8400350030 /* Water */; };
		616B555A2C0F1A8500350030 /* RelativeWave in Resources */ = {isa = PBXBuildFile; fileRef = 616B55052C0F1A8400350030 /* RelativeWave */; };
		616B555B2C0F1A8500350030 /* Pinch in Resources */ = {isa = PBXBuildFile; fileRef = 616B55062C0F1A8400350030 /* Pinch */; };
		616B555C2C0F1A8500350030 /* BarrelDistortion in Resources */ = {isa = PBXBuildFile; fileRef = 616B55072C0F1A8400350030 /* BarrelDistortion */; };
		616B555D2C0F1A8500350030 /* Wave in Resources */ = {isa = PBXBuildFile; fileRef = 616B55082C0F1A8400350030 /* Wave */; };
		616B555E2C0F1A8500350030 /* Dreamy in Resources */ = {isa = PBXBuildFile; fileRef = 616B550A2C0F1A8400350030 /* Dreamy */; };
		616B555F2C0F1A8500350030 /* Crosswarp in Resources */ = {isa = PBXBuildFile; fileRef = 616B550B2C0F1A8400350030 /* Crosswarp */; };
		616B55602C0F1A8500350030 /* Morph in Resources */ = {isa = PBXBuildFile; fileRef = 616B550C2C0F1A8400350030 /* Morph */; };
		616B55612C0F1A8500350030 /* Wind in Resources */ = {isa = PBXBuildFile; fileRef = 616B550D2C0F1A8400350030 /* Wind */; };
		616B55622C0F1A8500350030 /* Swirl in Resources */ = {isa = PBXBuildFile; fileRef = 616B550E2C0F1A8400350030 /* Swirl */; };
		616B55632C0F1A8500350030 /* Genie in Resources */ = {isa = PBXBuildFile; fileRef = 616B550F2C0F1A8400350030 /* Genie */; };
		616B55642C0F1A8500350030 /* Radial in Resources */ = {isa = PBXBuildFile; fileRef = 616B55102C0F1A8400350030 /* Radial */; };
		616B55652C0F1A8500350030 /* Circle in Resources */ = {isa = PBXBuildFile; fileRef = 616B55112C0F1A8400350030 /* Circle */; };
		616B55662C0F1A8500350030 /* WindowBlinds in Resources */ = {isa = PBXBuildFile; fileRef = 616B55122C0F1A8400350030 /* WindowBlinds */; };
		616B55672C0F1A8500350030 /* GalaxyVisuals in Resources */ = {isa = PBXBuildFile; fileRef = 616B55142C0F1A8500350030 /* GalaxyVisuals */; };
		616B55682C0F1A8500350030 /* GlowingSoundParticles in Resources */ = {isa = PBXBuildFile; fileRef = 616B55152C0F1A8500350030 /* GlowingSoundParticles */; };
		616B55692C0F1A8500350030 /* WavesRemix in Resources */ = {isa = PBXBuildFile; fileRef = 616B55162C0F1A8500350030 /* WavesRemix */; };
		616B556A2C0F1A8500350030 /* UniverseWithin in Resources */ = {isa = PBXBuildFile; fileRef = 616B55172C0F1A8500350030 /* UniverseWithin */; };
		616B556B2C0F1A8500350030 /* SineSoundWaves in Resources */ = {isa = PBXBuildFile; fileRef = 616B55182C0F1A8500350030 /* SineSoundWaves */; };
		616B556C2C0F1A8500350030 /* AudioEclipse in Resources */ = {isa = PBXBuildFile; fileRef = 616B55192C0F1A8500350030 /* AudioEclipse */; };
		616B556D2C0F1A8500350030 /* RoundAudioSpecturm in Resources */ = {isa = PBXBuildFile; fileRef = 616B551A2C0F1A8500350030 /* RoundAudioSpecturm */; };
		616B556E2C0F1A8500350030 /* ShadesOfMusic in Resources */ = {isa = PBXBuildFile; fileRef = 616B551B2C0F1A8500350030 /* ShadesOfMusic */; };
		617C3E432BD4454800DDC65D /* Transitions.swift in Sources */ = {isa = PBXBuildFile; fileRef = 617C3E422BD4454800DDC65D /* Transitions.swift */; };
		618D0FFE2BF29F2200E3E8E8 /* CBass in Frameworks */ = {isa = PBXBuildFile; productRef = 618D0FFD2BF29F2200E3E8E8 /* CBass */; };
		61920EC82BC2E4CE00989BB9 /* ShaderGrid.swift in Sources */ = {isa = PBXBuildFile; fileRef = 61920EC72BC2E4CE00989BB9 /* ShaderGrid.swift */; };
		61A488D22BC2A5AA003BE4F2 /* Gradients.swift in Sources */ = {isa = PBXBuildFile; fileRef = 61A488D12BC2A5AA003BE4F2 /* Gradients.swift */; };
		61B7ABB02BC1DFC400437D33 /* DemoAnimation.swift in Sources */ = {isa = PBXBuildFile; fileRef = 61B7ABAF2BC1DFC400437D33 /* DemoAnimation.swift */; };
		61D1C0412C078E1C00429788 /* Home.swift in Sources */ = {isa = PBXBuildFile; fileRef = 61D1C0402C078E1C00429788 /* Home.swift */; };
		61DD48CF2BD41BEA005632DE /* TransitionViews.swift in Sources */ = {isa = PBXBuildFile; fileRef = 61DD48CE2BD41BEA005632DE /* TransitionViews.swift */; };
		61E697122BD25AF500827B8E /* TransitionPreview.swift in Sources */ = {isa = PBXBuildFile; fileRef = 61E697112BD25AF500827B8E /* TransitionPreview.swift */; };
		61FFC3182BC0210A001FA0EA /* ArtShaders.swift in Sources */ = {isa = PBXBuildFile; fileRef = 61FFC3172BC0210A001FA0EA /* ArtShaders.swift */; };
		61FFC31B2BC0213F001FA0EA /* ShaderHud.swift in Sources */ = {isa = PBXBuildFile; fileRef = 61FFC31A2BC0213F001FA0EA /* ShaderHud.swift */; };
		61FFC3212BC07851001FA0EA /* ViewUtilities.swift in Sources */ = {isa = PBXBuildFile; fileRef = 61FFC3202BC07851001FA0EA /* ViewUtilities.swift */; };
/* End PBXBuildFile section */

/* Begin PBXFileReference section */
		611058102C0736A800A24DF5 /* ViewTests.swift */ = {isa = PBXFileReference; lastKnownFileType = sourcecode.swift; path = ViewTests.swift; sourceTree = "<group>"; };
		611058242C0750B000A24DF5 /* Empty */ = {isa = PBXFileReference; lastKnownFileType = text; path = Empty; sourceTree = "<group>"; };
		61138D722BBE07A20077AE71 /* ColorEffectViews.swift */ = {isa = PBXFileReference; lastKnownFileType = sourcecode.swift; path = ColorEffectViews.swift; sourceTree = "<group>"; };
		611621A92BC6EB1400E48762 /* ShaderInputViewBuilder.swift */ = {isa = PBXFileReference; lastKnownFileType = sourcecode.swift; path = ShaderInputViewBuilder.swift; sourceTree = "<group>"; };
		611AA9E42BBC2ED300A1531B /* BookiShader.app */ = {isa = PBXFileReference; explicitFileType = wrapper.application; includeInIndex = 0; path = BookiShader.app; sourceTree = BUILT_PRODUCTS_DIR; };
		611AA9E72BBC2ED300A1531B /* BookiShaderApp.swift */ = {isa = PBXFileReference; lastKnownFileType = sourcecode.swift; path = BookiShaderApp.swift; sourceTree = "<group>"; };
		611AA9EB2BBC2ED400A1531B /* Assets.xcassets */ = {isa = PBXFileReference; lastKnownFileType = folder.assetcatalog; path = Assets.xcassets; sourceTree = "<group>"; };
		611AA9ED2BBC2ED400A1531B /* BookiShader.entitlements */ = {isa = PBXFileReference; lastKnownFileType = text.plist.entitlements; path = BookiShader.entitlements; sourceTree = "<group>"; };
		611AA9EF2BBC2ED400A1531B /* Preview Assets.xcassets */ = {isa = PBXFileReference; lastKnownFileType = folder.assetcatalog; path = "Preview Assets.xcassets"; sourceTree = "<group>"; };
		611AA9F62BBC2EE900A1531B /* ShaderArtViews.swift */ = {isa = PBXFileReference; fileEncoding = 4; lastKnownFileType = sourcecode.swift; path = ShaderArtViews.swift; sourceTree = "<group>"; };
		611AAA072BBC54C700A1531B /* AudioVisualizerViews.swift */ = {isa = PBXFileReference; lastKnownFileType = sourcecode.swift; path = AudioVisualizerViews.swift; sourceTree = "<group>"; };
		611AAA0B2BBC5F9000A1531B /* Be Khod Ay.mp3 */ = {isa = PBXFileReference; lastKnownFileType = audio.mp3; path = "Be Khod Ay.mp3"; sourceTree = "<group>"; };
		612D27E72BC4160F0061D6FD /* ShaderPage.swift */ = {isa = PBXFileReference; lastKnownFileType = sourcecode.swift; path = ShaderPage.swift; sourceTree = "<group>"; };
		612D27E92BC41F530061D6FD /* HUD.swift */ = {isa = PBXFileReference; lastKnownFileType = sourcecode.swift; path = HUD.swift; sourceTree = "<group>"; };
		613B656A2BFF8119005DF758 /* SourceCodeView.swift */ = {isa = PBXFileReference; lastKnownFileType = sourcecode.swift; path = SourceCodeView.swift; sourceTree = "<group>"; };
		6149E9562BC837C7009ECD83 /* BassAudioEngine.swift */ = {isa = PBXFileReference; fileEncoding = 4; lastKnownFileType = sourcecode.swift; path = BassAudioEngine.swift; sourceTree = "<group>"; };
		6149E9572BC837C7009ECD83 /* SpectralEnhancer.swift */ = {isa = PBXFileReference; fileEncoding = 4; lastKnownFileType = sourcecode.swift; path = SpectralEnhancer.swift; sourceTree = "<group>"; };
		6149E9582BC837C7009ECD83 /* NoteProcessing.swift */ = {isa = PBXFileReference; fileEncoding = 4; lastKnownFileType = sourcecode.swift; path = NoteProcessing.swift; sourceTree = "<group>"; };
		6149E9592BC837C7009ECD83 /* PeaksSorter.swift */ = {isa = PBXFileReference; fileEncoding = 4; lastKnownFileType = sourcecode.swift; path = PeaksSorter.swift; sourceTree = "<group>"; };
		6149E9612BC83994009ECD83 /* AudioVisualizers.swift */ = {isa = PBXFileReference; lastKnownFileType = sourcecode.swift; path = AudioVisualizers.swift; sourceTree = "<group>"; };
		614B616F2BBF167D003A4935 /* DistortionEffectViews.swift */ = {isa = PBXFileReference; lastKnownFileType = sourcecode.swift; path = DistortionEffectViews.swift; sourceTree = "<group>"; };
		614B61712BBF22EC003A4935 /* LayerEffectViews.swift */ = {isa = PBXFileReference; lastKnownFileType = sourcecode.swift; path = LayerEffectViews.swift; sourceTree = "<group>"; };
		6153C7382BEBDC120062CB26 /* UtilityExtensions.swift */ = {isa = PBXFileReference; lastKnownFileType = sourcecode.swift; path = UtilityExtensions.swift; sourceTree = "<group>"; };
		616B54C32C0F1A8400350030 /* ElectricField */ = {isa = PBXFileReference; fileEncoding = 4; lastKnownFileType = text; path = ElectricField; sourceTree = "<group>"; };
		616B54C42C0F1A8400350030 /* Clouds */ = {isa = PBXFileReference; fileEncoding = 4; lastKnownFileType = text; path = Clouds; sourceTree = "<group>"; };
		616B54C52C0F1A8400350030 /* SineWaves */ = {isa = PBXFileReference; fileEncoding = 4; lastKnownFileType = text; path = SineWaves; sourceTree = "<group>"; };
		616B54C62C0F1A8400350030 /* GlowingMarblingBlack */ = {isa = PBXFileReference; fileEncoding = 4; lastKnownFileType = text; path = GlowingMarblingBlack; sourceTree = "<group>"; };
		616B54C72C0F1A8400350030 /* Portal */ = {isa = PBXFileReference; fileEncoding = 4; lastKnownFileType = text; path = Portal; sourceTree = "<group>"; };
		616B54C82C0F1A8400350030 /* TMGyroids */ = {isa = PBXFileReference; fileEncoding = 4; lastKnownFileType = text; path = TMGyroids; sourceTree = "<group>"; };
		616B54C92C0F1A8400350030 /* Turbulence */ = {isa = PBXFileReference; fileEncoding = 4; lastKnownFileType = text; path = Turbulence; sourceTree = "<group>"; };
		616B54CA2C0F1A8400350030 /* Iris */ = {isa = PBXFileReference; fileEncoding = 4; lastKnownFileType = text; path = Iris; sourceTree = "<group>"; };
		616B54CB2C0F1A8400350030 /* StarField */ = {isa = PBXFileReference; fileEncoding = 4; lastKnownFileType = text; path = StarField; sourceTree = "<group>"; };
		616B54CC2C0F1A8400350030 /* ModFan */ = {isa = PBXFileReference; fileEncoding = 4; lastKnownFileType = text; path = ModFan; sourceTree = "<group>"; };
		616B54CD2C0F1A8400350030 /* Fireworks */ = {isa = PBXFileReference; fileEncoding = 4; lastKnownFileType = text; path = Fireworks; sourceTree = "<group>"; };
		616B54CE2C0F1A8400350030 /* CrystalCaustic */ = {isa = PBXFileReference; fileEncoding = 4; lastKnownFileType = text; path = CrystalCaustic; sourceTree = "<group>"; };
		616B54CF2C0F1A8400350030 /* WetNeuralNetwork */ = {isa = PBXFileReference; fileEncoding = 4; lastKnownFileType = text; path = WetNeuralNetwork; sourceTree = "<group>"; };
		616B54D02C0F1A8400350030 /* StarNest */ = {isa = PBXFileReference; fileEncoding = 4; lastKnownFileType = text; path = StarNest; sourceTree = "<group>"; };
		616B54D12C0F1A8400350030 /* HypnoticRipples */ = {isa = PBXFileReference; fileEncoding = 4; lastKnownFileType = text; path = HypnoticRipples; sourceTree = "<group>"; };
		616B54D22C0F1A8400350030 /* Writhe */ = {isa = PBXFileReference; fileEncoding = 4; lastKnownFileType = text; path = Writhe; sourceTree = "<group>"; };
		616B54D32C0F1A8400350030 /* BeamDroplet */ = {isa = PBXFileReference; fileEncoding = 4; lastKnownFileType = text; path = BeamDroplet; sourceTree = "<group>"; };
		616B54D42C0F1A8400350030 /* SpiralRiders */ = {isa = PBXFileReference; fileEncoding = 4; lastKnownFileType = text; path = SpiralRiders; sourceTree = "<group>"; };
		616B54D52C0F1A8400350030 /* ExplosionCloud */ = {isa = PBXFileReference; fileEncoding = 4; lastKnownFileType = text; path = ExplosionCloud; sourceTree = "<group>"; };
		616B54D62C0F1A8400350030 /* NeonRug */ = {isa = PBXFileReference; fileEncoding = 4; lastKnownFileType = text; path = NeonRug; sourceTree = "<group>"; };
		616B54D72C0F1A8400350030 /* RetroSun */ = {isa = PBXFileReference; fileEncoding = 4; lastKnownFileType = text; path = RetroSun; sourceTree = "<group>"; };
		616B54D82C0F1A8400350030 /* Singularity */ = {isa = PBXFileReference; fileEncoding = 4; lastKnownFileType = text; path = Singularity; sourceTree = "<group>"; };
		616B54D92C0F1A8400350030 /* BlueVoid */ = {isa = PBXFileReference; fileEncoding = 4; lastKnownFileType = text; path = BlueVoid; sourceTree = "<group>"; };
		616B54DA2C0F1A8400350030 /* CosmicBlood */ = {isa = PBXFileReference; fileEncoding = 4; lastKnownFileType = text; path = CosmicBlood; sourceTree = "<group>"; };
		616B54DB2C0F1A8400350030 /* Lightning01 */ = {isa = PBXFileReference; fileEncoding = 4; lastKnownFileType = text; path = Lightning01; sourceTree = "<group>"; };
		616B54DC2C0F1A8400350030 /* LavaBlobs */ = {isa = PBXFileReference; fileEncoding = 4; lastKnownFileType = text; path = LavaBlobs; sourceTree = "<group>"; };
		616B54DD2C0F1A8400350030 /* FBMLightning */ = {isa = PBXFileReference; fileEncoding = 4; lastKnownFileType = text; path = FBMLightning; sourceTree = "<group>"; };
		616B54DE2C0F1A8400350030 /* PulsatingFlesh */ = {isa = PBXFileReference; fileEncoding = 4; lastKnownFileType = text; path = PulsatingFlesh; sourceTree = "<group>"; };
		616B54DF2C0F1A8400350030 /* BaseWarpFBM */ = {isa = PBXFileReference; fileEncoding = 4; lastKnownFileType = text; path = BaseWarpFBM; sourceTree = "<group>"; };
		616B54E02C0F1A8400350030 /* BlackHoleDawn */ = {isa = PBXFileReference; fileEncoding = 4; lastKnownFileType = text; path = BlackHoleDawn; sourceTree = "<group>"; };
		616B54E12C0F1A8400350030 /* LensFlare */ = {isa = PBXFileReference; fileEncoding = 4; lastKnownFileType = text; path = LensFlare; sourceTree = "<group>"; };
		616B54E32C0F1A8400350030 /* FluidGradient */ = {isa = PBXFileReference; fileEncoding = 4; lastKnownFileType = text; path = FluidGradient; sourceTree = "<group>"; };
		616B54E42C0F1A8400350030 /* RainbowSherbet */ = {isa = PBXFileReference; fileEncoding = 4; lastKnownFileType = text; path = RainbowSherbet; sourceTree = "<group>"; };
		616B54E52C0F1A8400350030 /* CrumpledWave */ = {isa = PBXFileReference; fileEncoding = 4; lastKnownFileType = text; path = CrumpledWave; sourceTree = "<group>"; };
		616B54E62C0F1A8400350030 /* ColorWind */ = {isa = PBXFileReference; fileEncoding = 4; lastKnownFileType = text; path = ColorWind; sourceTree = "<group>"; };
		616B54E72C0F1A8400350030 /* GradientFlow */ = {isa = PBXFileReference; fileEncoding = 4; lastKnownFileType = text; path = GradientFlow; sourceTree = "<group>"; };
		616B54E82C0F1A8400350030 /* Gradientify */ = {isa = PBXFileReference; fileEncoding = 4; lastKnownFileType = text; path = Gradientify; sourceTree = "<group>"; };
		616B54E92C0F1A8400350030 /* GlossyGradients */ = {isa = PBXFileReference; fileEncoding = 4; lastKnownFileType = text; path = GlossyGradients; sourceTree = "<group>"; };
		616B54EA2C0F1A8400350030 /* RotatingGradient */ = {isa = PBXFileReference; fileEncoding = 4; lastKnownFileType = text; path = RotatingGradient; sourceTree = "<group>"; };
		616B54EB2C0F1A8400350030 /* ChromaGradients */ = {isa = PBXFileReference; fileEncoding = 4; lastKnownFileType = text; path = ChromaGradients; sourceTree = "<group>"; };
		616B54ED2C0F1A8400350030 /* VHS */ = {isa = PBXFileReference; fileEncoding = 4; lastKnownFileType = text; path = VHS; sourceTree = "<group>"; };
		616B54EE2C0F1A8400350030 /* Emboss */ = {isa = PBXFileReference; fileEncoding = 4; lastKnownFileType = text; path = Emboss; sourceTree = "<group>"; };
		616B54EF2C0F1A8400350030 /* Bubble */ = {isa = PBXFileReference; fileEncoding = 4; lastKnownFileType = text; path = Bubble; sourceTree = "<group>"; };
		616B54F02C0F1A8400350030 /* SineWave */ = {isa = PBXFileReference; fileEncoding = 4; lastKnownFileType = text; path = SineWave; sourceTree = "<group>"; };
		616B54F12C0F1A8400350030 /* ColorPlanes */ = {isa = PBXFileReference; fileEncoding = 4; lastKnownFileType = text; path = ColorPlanes; sourceTree = "<group>"; };
		616B54F22C0F1A8400350030 /* WarpingLoupe */ = {isa = PBXFileReference; fileEncoding = 4; lastKnownFileType = text; path = WarpingLoupe; sourceTree = "<group>"; };
		616B54F32C0F1A8400350030 /* SoftThreshold */ = {isa = PBXFileReference; fileEncoding = 4; lastKnownFileType = text; path = SoftThreshold; sourceTree = "<group>"; };
		616B54F42C0F1A8400350030 /* Sobel */ = {isa = PBXFileReference; fileEncoding = 4; lastKnownFileType = text; path = Sobel; sourceTree = "<group>"; };
		616B54F62C0F1A8400350030 /* Gamma */ = {isa = PBXFileReference; fileEncoding = 4; lastKnownFileType = text; path = Gamma; sourceTree = "<group>"; };
		616B54F72C0F1A8400350030 /* NightVision */ = {isa = PBXFileReference; fileEncoding = 4; lastKnownFileType = text; path = NightVision; sourceTree = "<group>"; };
		616B54F82C0F1A8400350030 /* Exposure */ = {isa = PBXFileReference; fileEncoding = 4; lastKnownFileType = text; path = Exposure; sourceTree = "<group>"; };
		616B54F92C0F1A8400350030 /* LightbulbScreen  */ = {isa = PBXFileReference; fileEncoding = 4; lastKnownFileType = text; path = "LightbulbScreen "; sourceTree = "<group>"; };
		616B54FA2C0F1A8400350030 /* Infrared */ = {isa = PBXFileReference; fileEncoding = 4; lastKnownFileType = text; path = Infrared; sourceTree = "<group>"; };
		616B54FB2C0F1A8400350030 /* TileableWaterCaustic */ = {isa = PBXFileReference; fileEncoding = 4; lastKnownFileType = text; path = TileableWaterCaustic; sourceTree = "<group>"; };
		616B54FC2C0F1A8400350030 /* Luminence */ = {isa = PBXFileReference; fileEncoding = 4; lastKnownFileType = text; path = Luminence; sourceTree = "<group>"; };
		616B54FD2C0F1A8400350030 /* FilmGrain */ = {isa = PBXFileReference; fileEncoding = 4; lastKnownFileType = text; path = FilmGrain; sourceTree = "<group>"; };
		616B54FE2C0F1A8400350030 /* Vibrance */ = {isa = PBXFileReference; fileEncoding = 4; lastKnownFileType = text; path = Vibrance; sourceTree = "<group>"; };
		616B54FF2C0F1A8400350030 /* CRT */ = {isa = PBXFileReference; fileEncoding = 4; lastKnownFileType = text; path = CRT; sourceTree = "<group>"; };
		616B55002C0F1A8400350030 /* Vignette */ = {isa = PBXFileReference; fileEncoding = 4; lastKnownFileType = text; path = Vignette; sourceTree = "<group>"; };
		616B55022C0F1A8400350030 /* WorleyDisplacement */ = {isa = PBXFileReference; fileEncoding = 4; lastKnownFileType = text; path = WorleyDisplacement; sourceTree = "<group>"; };
		616B55032C0F1A8400350030 /* SineDistortion */ = {isa = PBXFileReference; fileEncoding = 4; lastKnownFileType = text; path = SineDistortion; sourceTree = "<group>"; };
		616B55042C0F1A8400350030 /* Water */ = {isa = PBXFileReference; fileEncoding = 4; lastKnownFileType = text; path = Water; sourceTree = "<group>"; };
		616B55052C0F1A8400350030 /* RelativeWave */ = {isa = PBXFileReference; fileEncoding = 4; lastKnownFileType = text; path = RelativeWave; sourceTree = "<group>"; };
		616B55062C0F1A8400350030 /* Pinch */ = {isa = PBXFileReference; fileEncoding = 4; lastKnownFileType = text; path = Pinch; sourceTree = "<group>"; };
		616B55072C0F1A8400350030 /* BarrelDistortion */ = {isa = PBXFileReference; fileEncoding = 4; lastKnownFileType = text; path = BarrelDistortion; sourceTree = "<group>"; };
		616B55082C0F1A8400350030 /* Wave */ = {isa = PBXFileReference; fileEncoding = 4; lastKnownFileType = text; path = Wave; sourceTree = "<group>"; };
		616B550A2C0F1A8400350030 /* Dreamy */ = {isa = PBXFileReference; fileEncoding = 4; lastKnownFileType = text; path = Dreamy; sourceTree = "<group>"; };
		616B550B2C0F1A8400350030 /* Crosswarp */ = {isa = PBXFileReference; fileEncoding = 4; lastKnownFileType = text; path = Crosswarp; sourceTree = "<group>"; };
		616B550C2C0F1A8400350030 /* Morph */ = {isa = PBXFileReference; fileEncoding = 4; lastKnownFileType = text; path = Morph; sourceTree = "<group>"; };
		616B550D2C0F1A8400350030 /* Wind */ = {isa = PBXFileReference; fileEncoding = 4; lastKnownFileType = text; path = Wind; sourceTree = "<group>"; };
		616B550E2C0F1A8400350030 /* Swirl */ = {isa = PBXFileReference; fileEncoding = 4; lastKnownFileType = text; path = Swirl; sourceTree = "<group>"; };
		616B550F2C0F1A8400350030 /* Genie */ = {isa = PBXFileReference; fileEncoding = 4; lastKnownFileType = text; path = Genie; sourceTree = "<group>"; };
		616B55102C0F1A8400350030 /* Radial */ = {isa = PBXFileReference; fileEncoding = 4; lastKnownFileType = text; path = Radial; sourceTree = "<group>"; };
		616B55112C0F1A8400350030 /* Circle */ = {isa = PBXFileReference; fileEncoding = 4; lastKnownFileType = text; path = Circle; sourceTree = "<group>"; };
		616B55122C0F1A8400350030 /* WindowBlinds */ = {isa = PBXFileReference; fileEncoding = 4; lastKnownFileType = text; path = WindowBlinds; sourceTree = "<group>"; };
		616B55142C0F1A8500350030 /* GalaxyVisuals */ = {isa = PBXFileReference; fileEncoding = 4; lastKnownFileType = text; path = GalaxyVisuals; sourceTree = "<group>"; };
		616B55152C0F1A8500350030 /* GlowingSoundParticles */ = {isa = PBXFileReference; fileEncoding = 4; lastKnownFileType = text; path = GlowingSoundParticles; sourceTree = "<group>"; };
		616B55162C0F1A8500350030 /* WavesRemix */ = {isa = PBXFileReference; fileEncoding = 4; lastKnownFileType = text; path = WavesRemix; sourceTree = "<group>"; };
		616B55172C0F1A8500350030 /* UniverseWithin */ = {isa = PBXFileReference; fileEncoding = 4; lastKnownFileType = text; path = UniverseWithin; sourceTree = "<group>"; };
		616B55182C0F1A8500350030 /* SineSoundWaves */ = {isa = PBXFileReference; fileEncoding = 4; lastKnownFileType = text; path = SineSoundWaves; sourceTree = "<group>"; };
		616B55192C0F1A8500350030 /* AudioEclipse */ = {isa = PBXFileReference; fileEncoding = 4; lastKnownFileType = text; path = AudioEclipse; sourceTree = "<group>"; };
		616B551A2C0F1A8500350030 /* RoundAudioSpecturm */ = {isa = PBXFileReference; fileEncoding = 4; lastKnownFileType = text; path = RoundAudioSpecturm; sourceTree = "<group>"; };
		616B551B2C0F1A8500350030 /* ShadesOfMusic */ = {isa = PBXFileReference; fileEncoding = 4; lastKnownFileType = text; path = ShadesOfMusic; sourceTree = "<group>"; };
		617C3E422BD4454800DDC65D /* Transitions.swift */ = {isa = PBXFileReference; lastKnownFileType = sourcecode.swift; path = Transitions.swift; sourceTree = "<group>"; };
		61920EC72BC2E4CE00989BB9 /* ShaderGrid.swift */ = {isa = PBXFileReference; lastKnownFileType = sourcecode.swift; path = ShaderGrid.swift; sourceTree = "<group>"; };
		61A488D12BC2A5AA003BE4F2 /* Gradients.swift */ = {isa = PBXFileReference; lastKnownFileType = sourcecode.swift; path = Gradients.swift; sourceTree = "<group>"; };
		61B7ABAF2BC1DFC400437D33 /* DemoAnimation.swift */ = {isa = PBXFileReference; lastKnownFileType = sourcecode.swift; path = DemoAnimation.swift; sourceTree = "<group>"; };
		61D1C0402C078E1C00429788 /* Home.swift */ = {isa = PBXFileReference; lastKnownFileType = sourcecode.swift; path = Home.swift; sourceTree = "<group>"; };
		61DD48CE2BD41BEA005632DE /* TransitionViews.swift */ = {isa = PBXFileReference; fileEncoding = 4; lastKnownFileType = sourcecode.swift; path = TransitionViews.swift; sourceTree = "<group>"; };
		61E697112BD25AF500827B8E /* TransitionPreview.swift */ = {isa = PBXFileReference; fileEncoding = 4; lastKnownFileType = sourcecode.swift; path = TransitionPreview.swift; sourceTree = "<group>"; };
		61FFC3172BC0210A001FA0EA /* ArtShaders.swift */ = {isa = PBXFileReference; lastKnownFileType = sourcecode.swift; path = ArtShaders.swift; sourceTree = "<group>"; };
		61FFC31A2BC0213F001FA0EA /* ShaderHud.swift */ = {isa = PBXFileReference; lastKnownFileType = sourcecode.swift; path = ShaderHud.swift; sourceTree = "<group>"; };
		61FFC3202BC07851001FA0EA /* ViewUtilities.swift */ = {isa = PBXFileReference; lastKnownFileType = sourcecode.swift; path = ViewUtilities.swift; sourceTree = "<group>"; };
/* End PBXFileReference section */

/* Begin PBXFrameworksBuildPhase section */
		611AA9E12BBC2ED300A1531B /* Frameworks */ = {
			isa = PBXFrameworksBuildPhase;
			buildActionMask = 2147483647;
			files = (
				6110581B2C074F9F00A24DF5 /* DistortionEffect in Frameworks */,
				6110581F2C074F9F00A24DF5 /* ShaderArt in Frameworks */,
				611058172C074F9F00A24DF5 /* AudioVisualizer in Frameworks */,
				611058232C074F9F00A24DF5 /* iShader in Frameworks */,
				618D0FFE2BF29F2200E3E8E8 /* CBass in Frameworks */,
				6110581D2C074F9F00A24DF5 /* LayerEffect in Frameworks */,
				611058212C074F9F00A24DF5 /* Transition in Frameworks */,
				611058142C07372B00A24DF5 /* CodeEditor in Frameworks */,
				611058192C074F9F00A24DF5 /* ColorEffect in Frameworks */,
			);
			runOnlyForDeploymentPostprocessing = 0;
		};
/* End PBXFrameworksBuildPhase section */

/* Begin PBXGroup section */
		611621A82BC6EAF200E48762 /* ViewBuilders */ = {
			isa = PBXGroup;
			children = (
				611621A92BC6EB1400E48762 /* ShaderInputViewBuilder.swift */,
			);
			path = ViewBuilders;
			sourceTree = "<group>";
		};
		611AA9DB2BBC2ED300A1531B = {
			isa = PBXGroup;
			children = (
				611AA9E62BBC2ED300A1531B /* BookiShader */,
				611AA9E52BBC2ED300A1531B /* Products */,
				611AAA032BBC32A700A1531B /* Frameworks */,
			);
			sourceTree = "<group>";
		};
		611AA9E52BBC2ED300A1531B /* Products */ = {
			isa = PBXGroup;
			children = (
				611AA9E42BBC2ED300A1531B /* BookiShader.app */,
			);
			name = Products;
			sourceTree = "<group>";
		};
		611AA9E62BBC2ED300A1531B /* BookiShader */ = {
			isa = PBXGroup;
			children = (
				611AA9E72BBC2ED300A1531B /* BookiShaderApp.swift */,
				61FFC31C2BC02492001FA0EA /* Views */,
				61FFC3192BC02133001FA0EA /* ViewModels */,
				61FFC31E2BC07645001FA0EA /* Extensions */,
				611AA9EB2BBC2ED400A1531B /* Assets.xcassets */,
				611AAA0B2BBC5F9000A1531B /* Be Khod Ay.mp3 */,
				611AA9ED2BBC2ED400A1531B /* BookiShader.entitlements */,
				611058242C0750B000A24DF5 /* Empty */,
				61B7ABAE2BC1DFA600437D33 /* Misc */,
				611AA9EE2BBC2ED400A1531B /* Preview Content */,
			);
			path = BookiShader;
			sourceTree = "<group>";
		};
		611AA9EE2BBC2ED400A1531B /* Preview Content */ = {
			isa = PBXGroup;
			children = (
				611AA9EF2BBC2ED400A1531B /* Preview Assets.xcassets */,
			);
			path = "Preview Content";
			sourceTree = "<group>";
		};
		611AAA032BBC32A700A1531B /* Frameworks */ = {
			isa = PBXGroup;
			children = (
				616B54C12C0F1A6D00350030 /* iShaderMetalResources */,
			);
			name = Frameworks;
			sourceTree = "<group>";
		};
		612E6F902BDFE04F00617D43 /* ColorEffect */ = {
			isa = PBXGroup;
			children = (
				61138D722BBE07A20077AE71 /* ColorEffectViews.swift */,
			);
			path = ColorEffect;
			sourceTree = "<group>";
		};
		612E6F912BDFE06E00617D43 /* DistortionEffect */ = {
			isa = PBXGroup;
			children = (
				614B616F2BBF167D003A4935 /* DistortionEffectViews.swift */,
			);
			path = DistortionEffect;
			sourceTree = "<group>";
		};
		612E6F922BDFE08800617D43 /* LayerEffect */ = {
			isa = PBXGroup;
			children = (
				614B61712BBF22EC003A4935 /* LayerEffectViews.swift */,
			);
			path = LayerEffect;
			sourceTree = "<group>";
		};
		6149E9532BC837AF009ECD83 /* AudioVisualizer */ = {
			isa = PBXGroup;
			children = (
				6149E9542BC837C7009ECD83 /* AudioProcessing */,
				611AAA072BBC54C700A1531B /* AudioVisualizerViews.swift */,
				6149E9612BC83994009ECD83 /* AudioVisualizers.swift */,
			);
			path = AudioVisualizer;
			sourceTree = "<group>";
		};
		6149E9542BC837C7009ECD83 /* AudioProcessing */ = {
			isa = PBXGroup;
			children = (
				6149E9552BC837C7009ECD83 /* BASSAudioEngine */,
			);
			path = AudioProcessing;
			sourceTree = "<group>";
		};
		6149E9552BC837C7009ECD83 /* BASSAudioEngine */ = {
			isa = PBXGroup;
			children = (
				6149E9562BC837C7009ECD83 /* BassAudioEngine.swift */,
				6149E9572BC837C7009ECD83 /* SpectralEnhancer.swift */,
				6149E9582BC837C7009ECD83 /* NoteProcessing.swift */,
				6149E9592BC837C7009ECD83 /* PeaksSorter.swift */,
			);
			path = BASSAudioEngine;
			sourceTree = "<group>";
		};
		616B54C12C0F1A6D00350030 /* iShaderMetalResources */ = {
			isa = PBXGroup;
			children = (
				616B55132C0F1A8500350030 /* RAW - AudioVisualizer */,
				616B54F52C0F1A8400350030 /* RAW - ColorEffect */,
				616B55012C0F1A8400350030 /* RAW - DistortionEffect */,
				616B54E22C0F1A8400350030 /* RAW - Gradients */,
				616B54EC2C0F1A8400350030 /* RAW - LayerEffect */,
				616B54C22C0F1A8400350030 /* RAW - ShaderArt */,
				616B55092C0F1A8400350030 /* RAW - Transition */,
			);
			path = iShaderMetalResources;
			sourceTree = "<group>";
		};
		616B54C22C0F1A8400350030 /* RAW - ShaderArt */ = {
			isa = PBXGroup;
			children = (
				616B54C32C0F1A8400350030 /* ElectricField */,
				616B54C42C0F1A8400350030 /* Clouds */,
				616B54C52C0F1A8400350030 /* SineWaves */,
				616B54C62C0F1A8400350030 /* GlowingMarblingBlack */,
				616B54C72C0F1A8400350030 /* Portal */,
				616B54C82C0F1A8400350030 /* TMGyroids */,
				616B54C92C0F1A8400350030 /* Turbulence */,
				616B54CA2C0F1A8400350030 /* Iris */,
				616B54CB2C0F1A8400350030 /* StarField */,
				616B54CC2C0F1A8400350030 /* ModFan */,
				616B54CD2C0F1A8400350030 /* Fireworks */,
				616B54CE2C0F1A8400350030 /* CrystalCaustic */,
				616B54CF2C0F1A8400350030 /* WetNeuralNetwork */,
				616B54D02C0F1A8400350030 /* StarNest */,
				616B54D12C0F1A8400350030 /* HypnoticRipples */,
				616B54D22C0F1A8400350030 /* Writhe */,
				616B54D32C0F1A8400350030 /* BeamDroplet */,
				616B54D42C0F1A8400350030 /* SpiralRiders */,
				616B54D52C0F1A8400350030 /* ExplosionCloud */,
				616B54D62C0F1A8400350030 /* NeonRug */,
				616B54D72C0F1A8400350030 /* RetroSun */,
				616B54D82C0F1A8400350030 /* Singularity */,
				616B54D92C0F1A8400350030 /* BlueVoid */,
				616B54DA2C0F1A8400350030 /* CosmicBlood */,
				616B54DB2C0F1A8400350030 /* Lightning01 */,
				616B54DC2C0F1A8400350030 /* LavaBlobs */,
				616B54DD2C0F1A8400350030 /* FBMLightning */,
				616B54DE2C0F1A8400350030 /* PulsatingFlesh */,
				616B54DF2C0F1A8400350030 /* BaseWarpFBM */,
				616B54E02C0F1A8400350030 /* BlackHoleDawn */,
				616B54E12C0F1A8400350030 /* LensFlare */,
			);
			path = "RAW - ShaderArt";
			sourceTree = "<group>";
		};
		616B54E22C0F1A8400350030 /* RAW - Gradients */ = {
			isa = PBXGroup;
			children = (
				616B54E32C0F1A8400350030 /* FluidGradient */,
				616B54E42C0F1A8400350030 /* RainbowSherbet */,
				616B54E52C0F1A8400350030 /* CrumpledWave */,
				616B54E62C0F1A8400350030 /* ColorWind */,
				616B54E72C0F1A8400350030 /* GradientFlow */,
				616B54E82C0F1A8400350030 /* Gradientify */,
				616B54E92C0F1A8400350030 /* GlossyGradients */,
				616B54EA2C0F1A8400350030 /* RotatingGradient */,
				616B54EB2C0F1A8400350030 /* ChromaGradients */,
			);
			path = "RAW - Gradients";
			sourceTree = "<group>";
		};
		616B54EC2C0F1A8400350030 /* RAW - LayerEffect */ = {
			isa = PBXGroup;
			children = (
				616B54ED2C0F1A8400350030 /* VHS */,
				616B54EE2C0F1A8400350030 /* Emboss */,
				616B54EF2C0F1A8400350030 /* Bubble */,
				616B54F02C0F1A8400350030 /* SineWave */,
				616B54F12C0F1A8400350030 /* ColorPlanes */,
				616B54F22C0F1A8400350030 /* WarpingLoupe */,
				616B54F32C0F1A8400350030 /* SoftThreshold */,
				616B54F42C0F1A8400350030 /* Sobel */,
			);
			path = "RAW - LayerEffect";
			sourceTree = "<group>";
		};
		616B54F52C0F1A8400350030 /* RAW - ColorEffect */ = {
			isa = PBXGroup;
			children = (
				616B54F62C0F1A8400350030 /* Gamma */,
				616B54F72C0F1A8400350030 /* NightVision */,
				616B54F82C0F1A8400350030 /* Exposure */,
				616B54F92C0F1A8400350030 /* LightbulbScreen  */,
				616B54FA2C0F1A8400350030 /* Infrared */,
				616B54FB2C0F1A8400350030 /* TileableWaterCaustic */,
				616B54FC2C0F1A8400350030 /* Luminence */,
				616B54FD2C0F1A8400350030 /* FilmGrain */,
				616B54FE2C0F1A8400350030 /* Vibrance */,
				616B54FF2C0F1A8400350030 /* CRT */,
				616B55002C0F1A8400350030 /* Vignette */,
			);
			path = "RAW - ColorEffect";
			sourceTree = "<group>";
		};
		616B55012C0F1A8400350030 /* RAW - DistortionEffect */ = {
			isa = PBXGroup;
			children = (
				616B55022C0F1A8400350030 /* WorleyDisplacement */,
				616B55032C0F1A8400350030 /* SineDistortion */,
				616B55042C0F1A8400350030 /* Water */,
				616B55052C0F1A8400350030 /* RelativeWave */,
				616B55062C0F1A8400350030 /* Pinch */,
				616B55072C0F1A8400350030 /* BarrelDistortion */,
				616B55082C0F1A8400350030 /* Wave */,
			);
			path = "RAW - DistortionEffect";
			sourceTree = "<group>";
		};
		616B55092C0F1A8400350030 /* RAW - Transition */ = {
			isa = PBXGroup;
			children = (
				616B550A2C0F1A8400350030 /* Dreamy */,
				616B550B2C0F1A8400350030 /* Crosswarp */,
				616B550C2C0F1A8400350030 /* Morph */,
				616B550D2C0F1A8400350030 /* Wind */,
				616B550E2C0F1A8400350030 /* Swirl */,
				616B550F2C0F1A8400350030 /* Genie */,
				616B55102C0F1A8400350030 /* Radial */,
				616B55112C0F1A8400350030 /* Circle */,
				616B55122C0F1A8400350030 /* WindowBlinds */,
			);
			path = "RAW - Transition";
			sourceTree = "<group>";
		};
		616B55132C0F1A8500350030 /* RAW - AudioVisualizer */ = {
			isa = PBXGroup;
			children = (
				616B55142C0F1A8500350030 /* GalaxyVisuals */,
				616B55152C0F1A8500350030 /* GlowingSoundParticles */,
				616B55162C0F1A8500350030 /* WavesRemix */,
				616B55172C0F1A8500350030 /* UniverseWithin */,
				616B55182C0F1A8500350030 /* SineSoundWaves */,
				616B55192C0F1A8500350030 /* AudioEclipse */,
				616B551A2C0F1A8500350030 /* RoundAudioSpecturm */,
				616B551B2C0F1A8500350030 /* ShadesOfMusic */,
			);
			path = "RAW - AudioVisualizer";
			sourceTree = "<group>";
		};
		61A488D02BC2A58D003BE4F2 /* Gradients */ = {
			isa = PBXGroup;
			children = (
				61A488D12BC2A5AA003BE4F2 /* Gradients.swift */,
			);
			path = Gradients;
			sourceTree = "<group>";
		};
		61B7ABAE2BC1DFA600437D33 /* Misc */ = {
			isa = PBXGroup;
			children = (
				61B7ABAF2BC1DFC400437D33 /* DemoAnimation.swift */,
				611058102C0736A800A24DF5 /* ViewTests.swift */,
			);
			path = Misc;
			sourceTree = "<group>";
		};
		61E697102BD25A9100827B8E /* Transition */ = {
			isa = PBXGroup;
			children = (
				617C3E422BD4454800DDC65D /* Transitions.swift */,
				61DD48CE2BD41BEA005632DE /* TransitionViews.swift */,
				61E697112BD25AF500827B8E /* TransitionPreview.swift */,
			);
			path = Transition;
			sourceTree = "<group>";
		};
		61FFC3192BC02133001FA0EA /* ViewModels */ = {
			isa = PBXGroup;
			children = (
				61FFC31A2BC0213F001FA0EA /* ShaderHud.swift */,
			);
			path = ViewModels;
			sourceTree = "<group>";
		};
		61FFC31C2BC02492001FA0EA /* Views */ = {
			isa = PBXGroup;
			children = (
				6149E9532BC837AF009ECD83 /* AudioVisualizer */,
				612E6F902BDFE04F00617D43 /* ColorEffect */,
				612E6F912BDFE06E00617D43 /* DistortionEffect */,
				612E6F922BDFE08800617D43 /* LayerEffect */,
				61FFC31D2BC024BB001FA0EA /* ShaderArt */,
				61E697102BD25A9100827B8E /* Transition */,
				611621A82BC6EAF200E48762 /* ViewBuilders */,
				61920EC72BC2E4CE00989BB9 /* ShaderGrid.swift */,
				612D27E72BC4160F0061D6FD /* ShaderPage.swift */,
				612D27E92BC41F530061D6FD /* HUD.swift */,
				613B656A2BFF8119005DF758 /* SourceCodeView.swift */,
				61D1C0402C078E1C00429788 /* Home.swift */,
			);
			path = Views;
			sourceTree = "<group>";
		};
		61FFC31D2BC024BB001FA0EA /* ShaderArt */ = {
			isa = PBXGroup;
			children = (
				61A488D02BC2A58D003BE4F2 /* Gradients */,
				61FFC3172BC0210A001FA0EA /* ArtShaders.swift */,
				611AA9F62BBC2EE900A1531B /* ShaderArtViews.swift */,
			);
			path = ShaderArt;
			sourceTree = "<group>";
		};
		61FFC31E2BC07645001FA0EA /* Extensions */ = {
			isa = PBXGroup;
			children = (
				61FFC31F2BC07773001FA0EA /* ViewExtension */,
				6153C7382BEBDC120062CB26 /* UtilityExtensions.swift */,
			);
			path = Extensions;
			sourceTree = "<group>";
		};
		61FFC31F2BC07773001FA0EA /* ViewExtension */ = {
			isa = PBXGroup;
			children = (
				61FFC3202BC07851001FA0EA /* ViewUtilities.swift */,
			);
			path = ViewExtension;
			sourceTree = "<group>";
		};
/* End PBXGroup section */

/* Begin PBXNativeTarget section */
		611AA9E32BBC2ED300A1531B /* BookiShader */ = {
			isa = PBXNativeTarget;
			buildConfigurationList = 611AA9F32BBC2ED400A1531B /* Build configuration list for PBXNativeTarget "BookiShader" */;
			buildPhases = (
				611AA9E02BBC2ED300A1531B /* Sources */,
				611AA9E12BBC2ED300A1531B /* Frameworks */,
				611AA9E22BBC2ED300A1531B /* Resources */,
			);
			buildRules = (
			);
			dependencies = (
			);
			name = BookiShader;
			packageProductDependencies = (
				618D0FFD2BF29F2200E3E8E8 /* CBass */,
				611058132C07372B00A24DF5 /* CodeEditor */,
				611058162C074F9F00A24DF5 /* AudioVisualizer */,
				611058182C074F9F00A24DF5 /* ColorEffect */,
				6110581A2C074F9F00A24DF5 /* DistortionEffect */,
				6110581C2C074F9F00A24DF5 /* LayerEffect */,
				6110581E2C074F9F00A24DF5 /* ShaderArt */,
				611058202C074F9F00A24DF5 /* Transition */,
				611058222C074F9F00A24DF5 /* iShader */,
			);
			productName = BookiShader;
			productReference = 611AA9E42BBC2ED300A1531B /* BookiShader.app */;
			productType = "com.apple.product-type.application";
		};
/* End PBXNativeTarget section */

/* Begin PBXProject section */
		611AA9DC2BBC2ED300A1531B /* Project object */ = {
			isa = PBXProject;
			attributes = {
				BuildIndependentTargetsInParallel = 1;
				LastSwiftUpdateCheck = 1520;
				LastUpgradeCheck = 1520;
				TargetAttributes = {
					611AA9E32BBC2ED300A1531B = {
						CreatedOnToolsVersion = 15.2;
					};
				};
			};
			buildConfigurationList = 611AA9DF2BBC2ED300A1531B /* Build configuration list for PBXProject "BookiShader" */;
			compatibilityVersion = "Xcode 14.0";
			developmentRegion = en;
			hasScannedForEncodings = 0;
			knownRegions = (
				en,
				Base,
			);
			mainGroup = 611AA9DB2BBC2ED300A1531B;
			packageReferences = (
				618D0FFC2BF29F2200E3E8E8 /* XCRemoteSwiftPackageReference "CBass" */,
				611058122C07372B00A24DF5 /* XCRemoteSwiftPackageReference "CodeEditor" */,
				611058152C074F9F00A24DF5 /* XCRemoteSwiftPackageReference "iShader" */,
			);
			productRefGroup = 611AA9E52BBC2ED300A1531B /* Products */;
			projectDirPath = "";
			projectRoot = "";
			targets = (
				611AA9E32BBC2ED300A1531B /* BookiShader */,
			);
		};
/* End PBXProject section */

/* Begin PBXResourcesBuildPhase section */
		611AA9E22BBC2ED300A1531B /* Resources */ = {
			isa = PBXResourcesBuildPhase;
			buildActionMask = 2147483647;
			files = (
				616B55592C0F1A8500350030 /* Water in Resources */,
				616B556D2C0F1A8500350030 /* RoundAudioSpecturm in Resources */,
				616B55442C0F1A8500350030 /* VHS in Resources */,
				616B55242C0F1A8500350030 /* StarField in Resources */,
				616B55332C0F1A8500350030 /* CosmicBlood in Resources */,
				616B55282C0F1A8500350030 /* WetNeuralNetwork in Resources */,
				616B553D2C0F1A8500350030 /* CrumpledWave in Resources */,
				616B553E2C0F1A8500350030 /* ColorWind in Resources */,
				616B55522C0F1A8500350030 /* Luminence in Resources */,
				616B55302C0F1A8500350030 /* RetroSun in Resources */,
				616B55492C0F1A8500350030 /* WarpingLoupe in Resources */,
				616B55422C0F1A8500350030 /* RotatingGradient in Resources */,
				616B55342C0F1A8500350030 /* Lightning01 in Resources */,
				616B553A2C0F1A8500350030 /* LensFlare in Resources */,
				616B55642C0F1A8500350030 /* Radial in Resources */,
				616B55322C0F1A8500350030 /* BlueVoid in Resources */,
				616B552D2C0F1A8500350030 /* SpiralRiders in Resources */,
				616B55542C0F1A8500350030 /* Vibrance in Resources */,
				616B554D2C0F1A8500350030 /* NightVision in Resources */,
				616B552C2C0F1A8500350030 /* BeamDroplet in Resources */,
				616B55482C0F1A8500350030 /* ColorPlanes in Resources */,
				616B55462C0F1A8500350030 /* Bubble in Resources */,
				616B55252C0F1A8500350030 /* ModFan in Resources */,
				611058252C0750B000A24DF5 /* Empty in Resources */,
				616B55612C0F1A8500350030 /* Wind in Resources */,
				616B552E2C0F1A8500350030 /* ExplosionCloud in Resources */,
				616B555E2C0F1A8500350030 /* Dreamy in Resources */,
				616B55652C0F1A8500350030 /* Circle in Resources */,
				616B55632C0F1A8500350030 /* Genie in Resources */,
				616B55202C0F1A8500350030 /* Portal in Resources */,
				616B55562C0F1A8500350030 /* Vignette in Resources */,
				616B55452C0F1A8500350030 /* Emboss in Resources */,
				616B55582C0F1A8500350030 /* SineDistortion in Resources */,
				616B55402C0F1A8500350030 /* Gradientify in Resources */,
				616B554B2C0F1A8500350030 /* Sobel in Resources */,
				616B55382C0F1A8500350030 /* BaseWarpFBM in Resources */,
				616B552B2C0F1A8500350030 /* Writhe in Resources */,
				616B55622C0F1A8500350030 /* Swirl in Resources */,
				616B555B2C0F1A8500350030 /* Pinch in Resources */,
				616B55392C0F1A8500350030 /* BlackHoleDawn in Resources */,
				616B551C2C0F1A8500350030 /* ElectricField in Resources */,
				616B55232C0F1A8500350030 /* Iris in Resources */,
				616B556E2C0F1A8500350030 /* ShadesOfMusic in Resources */,
				616B55602C0F1A8500350030 /* Morph in Resources */,
				616B555C2C0F1A8500350030 /* BarrelDistortion in Resources */,
				616B554F2C0F1A8500350030 /* LightbulbScreen  in Resources */,
				616B55212C0F1A8500350030 /* TMGyroids in Resources */,
				616B55262C0F1A8500350030 /* Fireworks in Resources */,
				616B55362C0F1A8500350030 /* FBMLightning in Resources */,
				616B55532C0F1A8500350030 /* FilmGrain in Resources */,
				616B55552C0F1A8500350030 /* CRT in Resources */,
				616B55312C0F1A8500350030 /* Singularity in Resources */,
				616B551D2C0F1A8500350030 /* Clouds in Resources */,
				616B556A2C0F1A8500350030 /* UniverseWithin in Resources */,
				611AAA0C2BBC5F9000A1531B /* Be Khod Ay.mp3 in Resources */,
				616B555A2C0F1A8500350030 /* RelativeWave in Resources */,
				616B553F2C0F1A8500350030 /* GradientFlow in Resources */,
				616B555D2C0F1A8500350030 /* Wave in Resources */,
				616B55502C0F1A8500350030 /* Infrared in Resources */,
				616B553C2C0F1A8500350030 /* RainbowSherbet in Resources */,
				616B55432C0F1A8500350030 /* ChromaGradients in Resources */,
				616B55672C0F1A8500350030 /* GalaxyVisuals in Resources */,
				616B55572C0F1A8500350030 /* WorleyDisplacement in Resources */,
				616B554C2C0F1A8500350030 /* Gamma in Resources */,
				616B55512C0F1A8500350030 /* TileableWaterCaustic in Resources */,
				616B556C2C0F1A8500350030 /* AudioEclipse in Resources */,
				616B551F2C0F1A8500350030 /* GlowingMarblingBlack in Resources */,
				611AA9F02BBC2ED400A1531B /* Preview Assets.xcassets in Resources */,
				616B55372C0F1A8500350030 /* PulsatingFlesh in Resources */,
				616B55272C0F1A8500350030 /* CrystalCaustic in Resources */,
				616B55292C0F1A8500350030 /* StarNest in Resources */,
				616B556B2C0F1A8500350030 /* SineSoundWaves in Resources */,
				616B551E2C0F1A8500350030 /* SineWaves in Resources */,
				616B555F2C0F1A8500350030 /* Crosswarp in Resources */,
				616B55412C0F1A8500350030 /* GlossyGradients in Resources */,
				616B552A2C0F1A8500350030 /* HypnoticRipples in Resources */,
				616B55472C0F1A8500350030 /* SineWave in Resources */,
				616B553B2C0F1A8500350030 /* FluidGradient in Resources */,
				616B552F2C0F1A8500350030 /* NeonRug in Resources */,
				616B55352C0F1A8500350030 /* LavaBlobs in Resources */,
				616B55692C0F1A8500350030 /* WavesRemix in Resources */,
				611AA9EC2BBC2ED400A1531B /* Assets.xcassets in Resources */,
				616B554A2C0F1A8500350030 /* SoftThreshold in Resources */,
				616B554E2C0F1A8500350030 /* Exposure in Resources */,
				616B55682C0F1A8500350030 /* GlowingSoundParticles in Resources */,
				616B55662C0F1A8500350030 /* WindowBlinds in Resources */,
				616B55222C0F1A8500350030 /* Turbulence in Resources */,
			);
			runOnlyForDeploymentPostprocessing = 0;
		};
/* End PBXResourcesBuildPhase section */

/* Begin PBXSourcesBuildPhase section */
		611AA9E02BBC2ED300A1531B /* Sources */ = {
			isa = PBXSourcesBuildPhase;
			buildActionMask = 2147483647;
			files = (
				611621AA2BC6EB1400E48762 /* ShaderInputViewBuilder.swift in Sources */,
				612D27E82BC4160F0061D6FD /* ShaderPage.swift in Sources */,
				61920EC82BC2E4CE00989BB9 /* ShaderGrid.swift in Sources */,
				61E697122BD25AF500827B8E /* TransitionPreview.swift in Sources */,
				61A488D22BC2A5AA003BE4F2 /* Gradients.swift in Sources */,
				611AA9E82BBC2ED300A1531B /* BookiShaderApp.swift in Sources */,
				6149E95B2BC837C7009ECD83 /* SpectralEnhancer.swift in Sources */,
				611AA9F72BBC2EE900A1531B /* ShaderArtViews.swift in Sources */,
				6149E95D2BC837C7009ECD83 /* PeaksSorter.swift in Sources */,
				61FFC31B2BC0213F001FA0EA /* ShaderHud.swift in Sources */,
				614B61702BBF167D003A4935 /* DistortionEffectViews.swift in Sources */,
				614B61722BBF22EC003A4935 /* LayerEffectViews.swift in Sources */,
				611AAA082BBC54C700A1531B /* AudioVisualizerViews.swift in Sources */,
				6149E95C2BC837C7009ECD83 /* NoteProcessing.swift in Sources */,
				613B656B2BFF8119005DF758 /* SourceCodeView.swift in Sources */,
				61138D732BBE07A20077AE71 /* ColorEffectViews.swift in Sources */,
				61FFC3182BC0210A001FA0EA /* ArtShaders.swift in Sources */,
				612D27EA2BC41F530061D6FD /* HUD.swift in Sources */,
				6153C7392BEBDC120062CB26 /* UtilityExtensions.swift in Sources */,
				611058112C0736A900A24DF5 /* ViewTests.swift in Sources */,
				617C3E432BD4454800DDC65D /* Transitions.swift in Sources */,
				6149E9622BC83994009ECD83 /* AudioVisualizers.swift in Sources */,
				61D1C0412C078E1C00429788 /* Home.swift in Sources */,
				6149E95A2BC837C7009ECD83 /* BassAudioEngine.swift in Sources */,
				61FFC3212BC07851001FA0EA /* ViewUtilities.swift in Sources */,
				61B7ABB02BC1DFC400437D33 /* DemoAnimation.swift in Sources */,
				61DD48CF2BD41BEA005632DE /* TransitionViews.swift in Sources */,
			);
			runOnlyForDeploymentPostprocessing = 0;
		};
/* End PBXSourcesBuildPhase section */

/* Begin XCBuildConfiguration section */
		611AA9F12BBC2ED400A1531B /* Debug */ = {
			isa = XCBuildConfiguration;
			buildSettings = {
				ALWAYS_SEARCH_USER_PATHS = NO;
				ASSETCATALOG_COMPILER_GENERATE_SWIFT_ASSET_SYMBOL_EXTENSIONS = YES;
				CLANG_ANALYZER_NONNULL = YES;
				CLANG_ANALYZER_NUMBER_OBJECT_CONVERSION = YES_AGGRESSIVE;
				CLANG_CXX_LANGUAGE_STANDARD = "gnu++20";
				CLANG_ENABLE_MODULES = YES;
				CLANG_ENABLE_OBJC_ARC = YES;
				CLANG_ENABLE_OBJC_WEAK = YES;
				CLANG_WARN_BLOCK_CAPTURE_AUTORELEASING = YES;
				CLANG_WARN_BOOL_CONVERSION = YES;
				CLANG_WARN_COMMA = YES;
				CLANG_WARN_CONSTANT_CONVERSION = YES;
				CLANG_WARN_DEPRECATED_OBJC_IMPLEMENTATIONS = YES;
				CLANG_WARN_DIRECT_OBJC_ISA_USAGE = YES_ERROR;
				CLANG_WARN_DOCUMENTATION_COMMENTS = YES;
				CLANG_WARN_EMPTY_BODY = YES;
				CLANG_WARN_ENUM_CONVERSION = YES;
				CLANG_WARN_INFINITE_RECURSION = YES;
				CLANG_WARN_INT_CONVERSION = YES;
				CLANG_WARN_NON_LITERAL_NULL_CONVERSION = YES;
				CLANG_WARN_OBJC_IMPLICIT_RETAIN_SELF = YES;
				CLANG_WARN_OBJC_LITERAL_CONVERSION = YES;
				CLANG_WARN_OBJC_ROOT_CLASS = YES_ERROR;
				CLANG_WARN_QUOTED_INCLUDE_IN_FRAMEWORK_HEADER = YES;
				CLANG_WARN_RANGE_LOOP_ANALYSIS = YES;
				CLANG_WARN_STRICT_PROTOTYPES = YES;
				CLANG_WARN_SUSPICIOUS_MOVE = YES;
				CLANG_WARN_UNGUARDED_AVAILABILITY = YES_AGGRESSIVE;
				CLANG_WARN_UNREACHABLE_CODE = YES;
				CLANG_WARN__DUPLICATE_METHOD_MATCH = YES;
				COPY_PHASE_STRIP = NO;
				DEBUG_INFORMATION_FORMAT = dwarf;
				ENABLE_STRICT_OBJC_MSGSEND = YES;
				ENABLE_TESTABILITY = YES;
				ENABLE_USER_SCRIPT_SANDBOXING = YES;
				GCC_C_LANGUAGE_STANDARD = gnu17;
				GCC_DYNAMIC_NO_PIC = NO;
				GCC_NO_COMMON_BLOCKS = YES;
				GCC_OPTIMIZATION_LEVEL = 0;
				GCC_PREPROCESSOR_DEFINITIONS = (
					"DEBUG=1",
					"$(inherited)",
				);
				GCC_WARN_64_TO_32_BIT_CONVERSION = YES;
				GCC_WARN_ABOUT_RETURN_TYPE = YES_ERROR;
				GCC_WARN_UNDECLARED_SELECTOR = YES;
				GCC_WARN_UNINITIALIZED_AUTOS = YES_AGGRESSIVE;
				GCC_WARN_UNUSED_FUNCTION = YES;
				GCC_WARN_UNUSED_VARIABLE = YES;
				LOCALIZATION_PREFERS_STRING_CATALOGS = YES;
				MTL_ENABLE_DEBUG_INFO = INCLUDE_SOURCE;
				MTL_FAST_MATH = YES;
				ONLY_ACTIVE_ARCH = YES;
				SWIFT_ACTIVE_COMPILATION_CONDITIONS = "DEBUG $(inherited)";
				SWIFT_OPTIMIZATION_LEVEL = "-Onone";
			};
			name = Debug;
		};
		611AA9F22BBC2ED400A1531B /* Release */ = {
			isa = XCBuildConfiguration;
			buildSettings = {
				ALWAYS_SEARCH_USER_PATHS = NO;
				ASSETCATALOG_COMPILER_GENERATE_SWIFT_ASSET_SYMBOL_EXTENSIONS = YES;
				CLANG_ANALYZER_NONNULL = YES;
				CLANG_ANALYZER_NUMBER_OBJECT_CONVERSION = YES_AGGRESSIVE;
				CLANG_CXX_LANGUAGE_STANDARD = "gnu++20";
				CLANG_ENABLE_MODULES = YES;
				CLANG_ENABLE_OBJC_ARC = YES;
				CLANG_ENABLE_OBJC_WEAK = YES;
				CLANG_WARN_BLOCK_CAPTURE_AUTORELEASING = YES;
				CLANG_WARN_BOOL_CONVERSION = YES;
				CLANG_WARN_COMMA = YES;
				CLANG_WARN_CONSTANT_CONVERSION = YES;
				CLANG_WARN_DEPRECATED_OBJC_IMPLEMENTATIONS = YES;
				CLANG_WARN_DIRECT_OBJC_ISA_USAGE = YES_ERROR;
				CLANG_WARN_DOCUMENTATION_COMMENTS = YES;
				CLANG_WARN_EMPTY_BODY = YES;
				CLANG_WARN_ENUM_CONVERSION = YES;
				CLANG_WARN_INFINITE_RECURSION = YES;
				CLANG_WARN_INT_CONVERSION = YES;
				CLANG_WARN_NON_LITERAL_NULL_CONVERSION = YES;
				CLANG_WARN_OBJC_IMPLICIT_RETAIN_SELF = YES;
				CLANG_WARN_OBJC_LITERAL_CONVERSION = YES;
				CLANG_WARN_OBJC_ROOT_CLASS = YES_ERROR;
				CLANG_WARN_QUOTED_INCLUDE_IN_FRAMEWORK_HEADER = YES;
				CLANG_WARN_RANGE_LOOP_ANALYSIS = YES;
				CLANG_WARN_STRICT_PROTOTYPES = YES;
				CLANG_WARN_SUSPICIOUS_MOVE = YES;
				CLANG_WARN_UNGUARDED_AVAILABILITY = YES_AGGRESSIVE;
				CLANG_WARN_UNREACHABLE_CODE = YES;
				CLANG_WARN__DUPLICATE_METHOD_MATCH = YES;
				COPY_PHASE_STRIP = NO;
				DEBUG_INFORMATION_FORMAT = "dwarf-with-dsym";
				ENABLE_NS_ASSERTIONS = NO;
				ENABLE_STRICT_OBJC_MSGSEND = YES;
				ENABLE_USER_SCRIPT_SANDBOXING = YES;
				GCC_C_LANGUAGE_STANDARD = gnu17;
				GCC_NO_COMMON_BLOCKS = YES;
				GCC_WARN_64_TO_32_BIT_CONVERSION = YES;
				GCC_WARN_ABOUT_RETURN_TYPE = YES_ERROR;
				GCC_WARN_UNDECLARED_SELECTOR = YES;
				GCC_WARN_UNINITIALIZED_AUTOS = YES_AGGRESSIVE;
				GCC_WARN_UNUSED_FUNCTION = YES;
				GCC_WARN_UNUSED_VARIABLE = YES;
				LOCALIZATION_PREFERS_STRING_CATALOGS = YES;
				MTL_ENABLE_DEBUG_INFO = NO;
				MTL_FAST_MATH = YES;
				SWIFT_COMPILATION_MODE = wholemodule;
			};
			name = Release;
		};
		611AA9F42BBC2ED400A1531B /* Debug */ = {
			isa = XCBuildConfiguration;
			buildSettings = {
				ASSETCATALOG_COMPILER_APPICON_NAME = AppIcon;
				ASSETCATALOG_COMPILER_GLOBAL_ACCENT_COLOR_NAME = AccentColor;
				CODE_SIGN_ENTITLEMENTS = BookiShader/BookiShader.entitlements;
				CODE_SIGN_STYLE = Automatic;
				CURRENT_PROJECT_VERSION = 1;
				DEVELOPMENT_ASSET_PATHS = "\"BookiShader/Preview Content\"";
				DEVELOPMENT_TEAM = 9JF99T9A6L;
				ENABLE_HARDENED_RUNTIME = YES;
				ENABLE_PREVIEWS = YES;
				GENERATE_INFOPLIST_FILE = YES;
				INFOPLIST_KEY_CFBundleDisplayName = "Book iShader";
				"INFOPLIST_KEY_UIApplicationSceneManifest_Generation[sdk=iphoneos*]" = YES;
				"INFOPLIST_KEY_UIApplicationSceneManifest_Generation[sdk=iphonesimulator*]" = YES;
				"INFOPLIST_KEY_UIApplicationSupportsIndirectInputEvents[sdk=iphoneos*]" = YES;
				"INFOPLIST_KEY_UIApplicationSupportsIndirectInputEvents[sdk=iphonesimulator*]" = YES;
				"INFOPLIST_KEY_UILaunchScreen_Generation[sdk=iphoneos*]" = YES;
				"INFOPLIST_KEY_UILaunchScreen_Generation[sdk=iphonesimulator*]" = YES;
				"INFOPLIST_KEY_UIStatusBarStyle[sdk=iphoneos*]" = UIStatusBarStyleDefault;
				"INFOPLIST_KEY_UIStatusBarStyle[sdk=iphonesimulator*]" = UIStatusBarStyleDefault;
				INFOPLIST_KEY_UISupportedInterfaceOrientations_iPad = "UIInterfaceOrientationPortrait UIInterfaceOrientationPortraitUpsideDown UIInterfaceOrientationLandscapeLeft UIInterfaceOrientationLandscapeRight";
				INFOPLIST_KEY_UISupportedInterfaceOrientations_iPhone = "UIInterfaceOrientationPortrait UIInterfaceOrientationLandscapeLeft UIInterfaceOrientationLandscapeRight";
				IPHONEOS_DEPLOYMENT_TARGET = 17.2;
				LD_RUNPATH_SEARCH_PATHS = "@executable_path/Frameworks";
				"LD_RUNPATH_SEARCH_PATHS[sdk=macosx*]" = "@executable_path/../Frameworks";
				MACOSX_DEPLOYMENT_TARGET = 14.2;
				MARKETING_VERSION = 1.0;
				PRODUCT_BUNDLE_IDENTIFIER = developer.Treata.iShader.BookiShader;
				PRODUCT_NAME = "$(TARGET_NAME)";
				SDKROOT = auto;
				SUPPORTED_PLATFORMS = "iphoneos iphonesimulator macosx";
				SWIFT_EMIT_LOC_STRINGS = YES;
				SWIFT_VERSION = 5.0;
				TARGETED_DEVICE_FAMILY = "1,2";
			};
			name = Debug;
		};
		611AA9F52BBC2ED400A1531B /* Release */ = {
			isa = XCBuildConfiguration;
			buildSettings = {
				ASSETCATALOG_COMPILER_APPICON_NAME = AppIcon;
				ASSETCATALOG_COMPILER_GLOBAL_ACCENT_COLOR_NAME = AccentColor;
				CODE_SIGN_ENTITLEMENTS = BookiShader/BookiShader.entitlements;
				CODE_SIGN_STYLE = Automatic;
				CURRENT_PROJECT_VERSION = 1;
				DEVELOPMENT_ASSET_PATHS = "\"BookiShader/Preview Content\"";
				DEVELOPMENT_TEAM = 9JF99T9A6L;
				ENABLE_HARDENED_RUNTIME = YES;
				ENABLE_PREVIEWS = YES;
				GENERATE_INFOPLIST_FILE = YES;
				INFOPLIST_KEY_CFBundleDisplayName = "Book iShader";
				"INFOPLIST_KEY_UIApplicationSceneManifest_Generation[sdk=iphoneos*]" = YES;
				"INFOPLIST_KEY_UIApplicationSceneManifest_Generation[sdk=iphonesimulator*]" = YES;
				"INFOPLIST_KEY_UIApplicationSupportsIndirectInputEvents[sdk=iphoneos*]" = YES;
				"INFOPLIST_KEY_UIApplicationSupportsIndirectInputEvents[sdk=iphonesimulator*]" = YES;
				"INFOPLIST_KEY_UILaunchScreen_Generation[sdk=iphoneos*]" = YES;
				"INFOPLIST_KEY_UILaunchScreen_Generation[sdk=iphonesimulator*]" = YES;
				"INFOPLIST_KEY_UIStatusBarStyle[sdk=iphoneos*]" = UIStatusBarStyleDefault;
				"INFOPLIST_KEY_UIStatusBarStyle[sdk=iphonesimulator*]" = UIStatusBarStyleDefault;
				INFOPLIST_KEY_UISupportedInterfaceOrientations_iPad = "UIInterfaceOrientationPortrait UIInterfaceOrientationPortraitUpsideDown UIInterfaceOrientationLandscapeLeft UIInterfaceOrientationLandscapeRight";
				INFOPLIST_KEY_UISupportedInterfaceOrientations_iPhone = "UIInterfaceOrientationPortrait UIInterfaceOrientationLandscapeLeft UIInterfaceOrientationLandscapeRight";
				IPHONEOS_DEPLOYMENT_TARGET = 17.2;
				LD_RUNPATH_SEARCH_PATHS = "@executable_path/Frameworks";
				"LD_RUNPATH_SEARCH_PATHS[sdk=macosx*]" = "@executable_path/../Frameworks";
				MACOSX_DEPLOYMENT_TARGET = 14.2;
				MARKETING_VERSION = 1.0;
				PRODUCT_BUNDLE_IDENTIFIER = developer.Treata.iShader.BookiShader;
				PRODUCT_NAME = "$(TARGET_NAME)";
				SDKROOT = auto;
				SUPPORTED_PLATFORMS = "iphoneos iphonesimulator macosx";
				SWIFT_EMIT_LOC_STRINGS = YES;
				SWIFT_VERSION = 5.0;
				TARGETED_DEVICE_FAMILY = "1,2";
			};
			name = Release;
		};
/* End XCBuildConfiguration section */

/* Begin XCConfigurationList section */
		611AA9DF2BBC2ED300A1531B /* Build configuration list for PBXProject "BookiShader" */ = {
			isa = XCConfigurationList;
			buildConfigurations = (
				611AA9F12BBC2ED400A1531B /* Debug */,
				611AA9F22BBC2ED400A1531B /* Release */,
			);
			defaultConfigurationIsVisible = 0;
			defaultConfigurationName = Release;
		};
		611AA9F32BBC2ED400A1531B /* Build configuration list for PBXNativeTarget "BookiShader" */ = {
			isa = XCConfigurationList;
			buildConfigurations = (
				611AA9F42BBC2ED400A1531B /* Debug */,
				611AA9F52BBC2ED400A1531B /* Release */,
			);
			defaultConfigurationIsVisible = 0;
			defaultConfigurationName = Release;
		};
/* End XCConfigurationList section */

/* Begin XCRemoteSwiftPackageReference section */
		611058122C07372B00A24DF5 /* XCRemoteSwiftPackageReference "CodeEditor" */ = {
			isa = XCRemoteSwiftPackageReference;
			repositoryURL = "https://github.com/ZeeZide/CodeEditor";
			requirement = {
				kind = upToNextMinorVersion;
				minimumVersion = 1.2.4;
			};
		};
		611058152C074F9F00A24DF5 /* XCRemoteSwiftPackageReference "iShader" */ = {
			isa = XCRemoteSwiftPackageReference;
			repositoryURL = "https://github.com/Treata11/iShader/";
			requirement = {
				branch = main;
				kind = branch;
			};
		};
		618D0FFC2BF29F2200E3E8E8 /* XCRemoteSwiftPackageReference "CBass" */ = {
			isa = XCRemoteSwiftPackageReference;
			repositoryURL = "https://github.com/Treata11/CBass";
			requirement = {
				branch = main;
				kind = branch;
			};
		};
/* End XCRemoteSwiftPackageReference section */

/* Begin XCSwiftPackageProductDependency section */
		611058132C07372B00A24DF5 /* CodeEditor */ = {
			isa = XCSwiftPackageProductDependency;
			package = 611058122C07372B00A24DF5 /* XCRemoteSwiftPackageReference "CodeEditor" */;
			productName = CodeEditor;
		};
		611058162C074F9F00A24DF5 /* AudioVisualizer */ = {
			isa = XCSwiftPackageProductDependency;
			package = 611058152C074F9F00A24DF5 /* XCRemoteSwiftPackageReference "iShader" */;
			productName = AudioVisualizer;
		};
		611058182C074F9F00A24DF5 /* ColorEffect */ = {
			isa = XCSwiftPackageProductDependency;
			package = 611058152C074F9F00A24DF5 /* XCRemoteSwiftPackageReference "iShader" */;
			productName = ColorEffect;
		};
		6110581A2C074F9F00A24DF5 /* DistortionEffect */ = {
			isa = XCSwiftPackageProductDependency;
			package = 611058152C074F9F00A24DF5 /* XCRemoteSwiftPackageReference "iShader" */;
			productName = DistortionEffect;
		};
		6110581C2C074F9F00A24DF5 /* LayerEffect */ = {
			isa = XCSwiftPackageProductDependency;
			package = 611058152C074F9F00A24DF5 /* XCRemoteSwiftPackageReference "iShader" */;
			productName = LayerEffect;
		};
		6110581E2C074F9F00A24DF5 /* ShaderArt */ = {
			isa = XCSwiftPackageProductDependency;
			package = 611058152C074F9F00A24DF5 /* XCRemoteSwiftPackageReference "iShader" */;
			productName = ShaderArt;
		};
		611058202C074F9F00A24DF5 /* Transition */ = {
			isa = XCSwiftPackageProductDependency;
			package = 611058152C074F9F00A24DF5 /* XCRemoteSwiftPackageReference "iShader" */;
			productName = Transition;
		};
		611058222C074F9F00A24DF5 /* iShader */ = {
			isa = XCSwiftPackageProductDependency;
			package = 611058152C074F9F00A24DF5 /* XCRemoteSwiftPackageReference "iShader" */;
			productName = iShader;
		};
		618D0FFD2BF29F2200E3E8E8 /* CBass */ = {
			isa = XCSwiftPackageProductDependency;
			package = 618D0FFC2BF29F2200E3E8E8 /* XCRemoteSwiftPackageReference "CBass" */;
			productName = CBass;
		};
/* End XCSwiftPackageProductDependency section */
	};
	rootObject = 611AA9DC2BBC2ED300A1531B /* Project object */;
}
