{
  "pins" : [
    {
      "identity" : "cbass",
      "kind" : "remoteSourceControl",
      "location" : "https://github.com/Treata11/CBass",
      "state" : {
        "branch" : "main",
        "revision" : "d1c290c706b60af7d286f3596152e68404f1e1cb"
      }
    },
    {
      "identity" : "ishader",
      "kind" : "remoteSourceControl",
      "location" : "https://github.com/Treata11/iShader/",
      "state" : {
        "branch" : "main",
        "revision" : "5ba5a92082c72b3a67365f9c493b1b51d3e4ee48"
      }
    }
  ],
  "version" : 2
}
