{
  "pins" : [
    {
      "identity" : "cbass",
      "kind" : "remoteSourceControl",
      "location" : "https://github.com/Treata11/CBass",
      "state" : {
        "branch" : "main",
        "revision" : "d1c290c706b60af7d286f3596152e68404f1e1cb"
      }
    },
    {
      "identity" : "codeeditor",
      "kind" : "remoteSourceControl",
      "location" : "https://github.com/ZeeZide/CodeEditor",
      "state" : {
        "revision" : "3a924589c957383693cae6336a29c3ead602ec96",
        "version" : "1.2.4"
      }
    },
    {
      "identity" : "highlightr",
      "kind" : "remoteSourceControl",
      "location" : "https://github.com/raspu/Highlightr",
      "state" : {
        "revision" : "93199b9e434f04bda956a613af8f571933f9f037",
        "version" : "2.1.2"
      }
    },
    {
      "identity" : "ishader",
      "kind" : "remoteSourceControl",
      "location" : "https://github.com/Keith-43/iShader",
      "state" : {
        "branch" : "main",
        "revision" : "d0a9417f65905c2813d7770a40c4cfe83b8e2105"
      }
    }
  ],
  "version" : 2
}
